// !$*UTF8*$!
{
	archiveVersion = 1;
	classes = {
	};
	objectVersion = 56;
	objects = {

/* Begin PBXBuildFile section */
		192A7A1A292B3C310076B1A7 /* Sport.docc in Sources */ = {isa = PBXBuildFile; fileRef = 192A7A19292B3C310076B1A7 /* Sport.docc */; };
		192A7A20292B3C310076B1A7 /* SportData.framework in Frameworks */ = {isa = PBXBuildFile; fileRef = 192A7A15292B3C310076B1A7 /* SportData.framework */; };
		192A7A26292B3C310076B1A7 /* Sport.h in Headers */ = {isa = PBXBuildFile; fileRef = 192A7A18292B3C310076B1A7 /* Sport.h */; settings = {ATTRIBUTES = (Public, ); }; };
		192A7A31292B3C3A0076B1A7 /* Team.swift in Sources */ = {isa = PBXBuildFile; fileRef = 192A7A2F292B3C3A0076B1A7 /* Team.swift */; };
		192A7A32292B3C3A0076B1A7 /* Match.swift in Sources */ = {isa = PBXBuildFile; fileRef = 192A7A30292B3C3A0076B1A7 /* Match.swift */; };
		192A7A35292B3C630076B1A7 /* MatchTests.swift in Sources */ = {isa = PBXBuildFile; fileRef = 192A7A34292B3C630076B1A7 /* MatchTests.swift */; };
		192A7A39292B3D130076B1A7 /* TeamTests.swift in Sources */ = {isa = PBXBuildFile; fileRef = 192A7A38292B3D130076B1A7 /* TeamTests.swift */; };
		192A7A41292B43110076B1A7 /* AppDelegate.swift in Sources */ = {isa = PBXBuildFile; fileRef = 192A7A40292B43110076B1A7 /* AppDelegate.swift */; };
		192A7A43292B43110076B1A7 /* SceneDelegate.swift in Sources */ = {isa = PBXBuildFile; fileRef = 192A7A42292B43110076B1A7 /* SceneDelegate.swift */; };
		192A7A4A292B43130076B1A7 /* Assets.xcassets in Resources */ = {isa = PBXBuildFile; fileRef = 192A7A49292B43130076B1A7 /* Assets.xcassets */; };
		192A7A4D292B43130076B1A7 /* LaunchScreen.storyboard in Resources */ = {isa = PBXBuildFile; fileRef = 192A7A4B292B43130076B1A7 /* LaunchScreen.storyboard */; };
		192A7A59292B43270076B1A7 /* MainAppTests.swift in Sources */ = {isa = PBXBuildFile; fileRef = 192A7A58292B43270076B1A7 /* MainAppTests.swift */; };
		192A7A68292B45F60076B1A7 /* MainTabBarController.swift in Sources */ = {isa = PBXBuildFile; fileRef = 192A7A67292B45F60076B1A7 /* MainTabBarController.swift */; };
		192A7A6F292B478A0076B1A7 /* MatchesViewController.swift in Sources */ = {isa = PBXBuildFile; fileRef = 192A7A6E292B478A0076B1A7 /* MatchesViewController.swift */; };
		192A7A73292B47A80076B1A7 /* TeamsViewController.swift in Sources */ = {isa = PBXBuildFile; fileRef = 192A7A72292B47A80076B1A7 /* TeamsViewController.swift */; };
		192A7A76292B4ACA0076B1A7 /* SDWebImage in Frameworks */ = {isa = PBXBuildFile; productRef = 192A7A75292B4ACA0076B1A7 /* SDWebImage */; };
		192A7A80292B4BC80076B1A7 /* SportAPI.docc in Sources */ = {isa = PBXBuildFile; fileRef = 192A7A7F292B4BC80076B1A7 /* SportAPI.docc */; };
		192A7A86292B4BC80076B1A7 /* SportDataAPI.framework in Frameworks */ = {isa = PBXBuildFile; fileRef = 192A7A7C292B4BC80076B1A7 /* SportDataAPI.framework */; };
		192A7A8D292B4BC80076B1A7 /* SportAPITests.swift in Sources */ = {isa = PBXBuildFile; fileRef = 192A7A8C292B4BC80076B1A7 /* SportAPITests.swift */; };
		192A7A8E292B4BC80076B1A7 /* SportAPI.h in Headers */ = {isa = PBXBuildFile; fileRef = 192A7A7E292B4BC80076B1A7 /* SportAPI.h */; settings = {ATTRIBUTES = (Public, ); }; };
		192A7A91292B4BC80076B1A7 /* SportDataAPI.framework in Frameworks */ = {isa = PBXBuildFile; fileRef = 192A7A7C292B4BC80076B1A7 /* SportDataAPI.framework */; };
		192A7A92292B4BC80076B1A7 /* SportDataAPI.framework in Embed Frameworks */ = {isa = PBXBuildFile; fileRef = 192A7A7C292B4BC80076B1A7 /* SportDataAPI.framework */; settings = {ATTRIBUTES = (CodeSignOnCopy, RemoveHeadersOnCopy, ); }; };
		192A7AA5292B4C260076B1A7 /* ResponseError.swift in Sources */ = {isa = PBXBuildFile; fileRef = 192A7A9C292B4C260076B1A7 /* ResponseError.swift */; };
		192A7AA6292B4C260076B1A7 /* AuthenticationError.swift in Sources */ = {isa = PBXBuildFile; fileRef = 192A7A9D292B4C260076B1A7 /* AuthenticationError.swift */; };
		192A7AA7292B4C260076B1A7 /* NetworkError.swift in Sources */ = {isa = PBXBuildFile; fileRef = 192A7A9E292B4C260076B1A7 /* NetworkError.swift */; };
		192A7AA8292B4C260076B1A7 /* NetworkLogger.swift in Sources */ = {isa = PBXBuildFile; fileRef = 192A7AA0292B4C260076B1A7 /* NetworkLogger.swift */; };
		192A7AA9292B4C270076B1A7 /* SportAPI+Path.swift in Sources */ = {isa = PBXBuildFile; fileRef = 192A7AA2292B4C260076B1A7 /* SportAPI+Path.swift */; };
		192A7AAA292B4C270076B1A7 /* SportAPI+Parameter.swift in Sources */ = {isa = PBXBuildFile; fileRef = 192A7AA3292B4C260076B1A7 /* SportAPI+Parameter.swift */; };
		192A7AAB292B4C270076B1A7 /* SportAPI.swift in Sources */ = {isa = PBXBuildFile; fileRef = 192A7AA4292B4C260076B1A7 /* SportAPI.swift */; };
		192A7AAE292B4F330076B1A7 /* MatchesViewModel.swift in Sources */ = {isa = PBXBuildFile; fileRef = 192A7AAD292B4F330076B1A7 /* MatchesViewModel.swift */; };
		192A7AB1292B4F980076B1A7 /* MatchesFetchable.swift in Sources */ = {isa = PBXBuildFile; fileRef = 192A7AB0292B4F980076B1A7 /* MatchesFetchable.swift */; };
/* End PBXBuildFile section */

/* Begin PBXContainerItemProxy section */
		192A7A21292B3C310076B1A7 /* PBXContainerItemProxy */ = {
			isa = PBXContainerItemProxy;
			containerPortal = 192A7A0C292B3C310076B1A7 /* Project object */;
			proxyType = 1;
			remoteGlobalIDString = 192A7A14292B3C310076B1A7;
			remoteInfo = Sport;
		};
		192A7A5A292B43270076B1A7 /* PBXContainerItemProxy */ = {
			isa = PBXContainerItemProxy;
			containerPortal = 192A7A0C292B3C310076B1A7 /* Project object */;
			proxyType = 1;
			remoteGlobalIDString = 192A7A3D292B43110076B1A7;
			remoteInfo = MainApp;
		};
		192A7A87292B4BC80076B1A7 /* PBXContainerItemProxy */ = {
			isa = PBXContainerItemProxy;
			containerPortal = 192A7A0C292B3C310076B1A7 /* Project object */;
			proxyType = 1;
			remoteGlobalIDString = 192A7A7B292B4BC80076B1A7;
			remoteInfo = SportAPI;
		};
		192A7A89292B4BC80076B1A7 /* PBXContainerItemProxy */ = {
			isa = PBXContainerItemProxy;
			containerPortal = 192A7A0C292B3C310076B1A7 /* Project object */;
			proxyType = 1;
			remoteGlobalIDString = 192A7A3D292B43110076B1A7;
			remoteInfo = MainApp;
		};
		192A7A8F292B4BC80076B1A7 /* PBXContainerItemProxy */ = {
			isa = PBXContainerItemProxy;
			containerPortal = 192A7A0C292B3C310076B1A7 /* Project object */;
			proxyType = 1;
			remoteGlobalIDString = 192A7A7B292B4BC80076B1A7;
			remoteInfo = SportAPI;
		};
/* End PBXContainerItemProxy section */

/* Begin PBXCopyFilesBuildPhase section */
		192A7A96292B4BC80076B1A7 /* Embed Frameworks */ = {
			isa = PBXCopyFilesBuildPhase;
			buildActionMask = 2147483647;
			dstPath = "";
			dstSubfolderSpec = 10;
			files = (
				192A7A92292B4BC80076B1A7 /* SportDataAPI.framework in Embed Frameworks */,
			);
			name = "Embed Frameworks";
			runOnlyForDeploymentPostprocessing = 0;
		};
/* End PBXCopyFilesBuildPhase section */

/* Begin PBXFileReference section */
		192A7A15292B3C310076B1A7 /* SportData.framework */ = {isa = PBXFileReference; explicitFileType = wrapper.framework; includeInIndex = 0; path = SportData.framework; sourceTree = BUILT_PRODUCTS_DIR; };
		192A7A18292B3C310076B1A7 /* Sport.h */ = {isa = PBXFileReference; lastKnownFileType = sourcecode.c.h; path = Sport.h; sourceTree = "<group>"; };
		192A7A19292B3C310076B1A7 /* Sport.docc */ = {isa = PBXFileReference; lastKnownFileType = folder.documentationcatalog; path = Sport.docc; sourceTree = "<group>"; };
		192A7A1F292B3C310076B1A7 /* SportDataTests.xctest */ = {isa = PBXFileReference; explicitFileType = wrapper.cfbundle; includeInIndex = 0; path = SportDataTests.xctest; sourceTree = BUILT_PRODUCTS_DIR; };
		192A7A2F292B3C3A0076B1A7 /* Team.swift */ = {isa = PBXFileReference; fileEncoding = 4; lastKnownFileType = sourcecode.swift; path = Team.swift; sourceTree = "<group>"; };
		192A7A30292B3C3A0076B1A7 /* Match.swift */ = {isa = PBXFileReference; fileEncoding = 4; lastKnownFileType = sourcecode.swift; path = Match.swift; sourceTree = "<group>"; };
		192A7A33292B3C630076B1A7 /* SportTests-Bridging-Header.h */ = {isa = PBXFileReference; lastKnownFileType = sourcecode.c.h; path = "SportTests-Bridging-Header.h"; sourceTree = "<group>"; };
		192A7A34292B3C630076B1A7 /* MatchTests.swift */ = {isa = PBXFileReference; lastKnownFileType = sourcecode.swift; path = MatchTests.swift; sourceTree = "<group>"; };
		192A7A38292B3D130076B1A7 /* TeamTests.swift */ = {isa = PBXFileReference; lastKnownFileType = sourcecode.swift; path = TeamTests.swift; sourceTree = "<group>"; };
		192A7A3E292B43110076B1A7 /* MainApp.app */ = {isa = PBXFileReference; explicitFileType = wrapper.application; includeInIndex = 0; path = MainApp.app; sourceTree = BUILT_PRODUCTS_DIR; };
		192A7A40292B43110076B1A7 /* AppDelegate.swift */ = {isa = PBXFileReference; lastKnownFileType = sourcecode.swift; path = AppDelegate.swift; sourceTree = "<group>"; };
		192A7A42292B43110076B1A7 /* SceneDelegate.swift */ = {isa = PBXFileReference; lastKnownFileType = sourcecode.swift; path = SceneDelegate.swift; sourceTree = "<group>"; };
		192A7A49292B43130076B1A7 /* Assets.xcassets */ = {isa = PBXFileReference; lastKnownFileType = folder.assetcatalog; path = Assets.xcassets; sourceTree = "<group>"; };
		192A7A4C292B43130076B1A7 /* Base */ = {isa = PBXFileReference; lastKnownFileType = file.storyboard; name = Base; path = Base.lproj/LaunchScreen.storyboard; sourceTree = "<group>"; };
		192A7A4E292B43130076B1A7 /* Info.plist */ = {isa = PBXFileReference; lastKnownFileType = text.plist.xml; path = Info.plist; sourceTree = "<group>"; };
		192A7A56292B43270076B1A7 /* MainAppTests.xctest */ = {isa = PBXFileReference; explicitFileType = wrapper.cfbundle; includeInIndex = 0; path = MainAppTests.xctest; sourceTree = BUILT_PRODUCTS_DIR; };
		192A7A58292B43270076B1A7 /* MainAppTests.swift */ = {isa = PBXFileReference; lastKnownFileType = sourcecode.swift; path = MainAppTests.swift; sourceTree = "<group>"; };
		192A7A67292B45F60076B1A7 /* MainTabBarController.swift */ = {isa = PBXFileReference; lastKnownFileType = sourcecode.swift; path = MainTabBarController.swift; sourceTree = "<group>"; };
		192A7A6E292B478A0076B1A7 /* MatchesViewController.swift */ = {isa = PBXFileReference; lastKnownFileType = sourcecode.swift; path = MatchesViewController.swift; sourceTree = "<group>"; };
		192A7A72292B47A80076B1A7 /* TeamsViewController.swift */ = {isa = PBXFileReference; lastKnownFileType = sourcecode.swift; path = TeamsViewController.swift; sourceTree = "<group>"; };
		192A7A7C292B4BC80076B1A7 /* SportDataAPI.framework */ = {isa = PBXFileReference; explicitFileType = wrapper.framework; includeInIndex = 0; path = SportDataAPI.framework; sourceTree = BUILT_PRODUCTS_DIR; };
		192A7A7E292B4BC80076B1A7 /* SportAPI.h */ = {isa = PBXFileReference; lastKnownFileType = sourcecode.c.h; path = SportAPI.h; sourceTree = "<group>"; };
		192A7A7F292B4BC80076B1A7 /* SportAPI.docc */ = {isa = PBXFileReference; lastKnownFileType = folder.documentationcatalog; path = SportAPI.docc; sourceTree = "<group>"; };
		192A7A85292B4BC80076B1A7 /* SportDataAPITests.xctest */ = {isa = PBXFileReference; explicitFileType = wrapper.cfbundle; includeInIndex = 0; path = SportDataAPITests.xctest; sourceTree = BUILT_PRODUCTS_DIR; };
		192A7A8C292B4BC80076B1A7 /* SportAPITests.swift */ = {isa = PBXFileReference; lastKnownFileType = sourcecode.swift; path = SportAPITests.swift; sourceTree = "<group>"; };
		192A7A9C292B4C260076B1A7 /* ResponseError.swift */ = {isa = PBXFileReference; fileEncoding = 4; lastKnownFileType = sourcecode.swift; path = ResponseError.swift; sourceTree = "<group>"; };
		192A7A9D292B4C260076B1A7 /* AuthenticationError.swift */ = {isa = PBXFileReference; fileEncoding = 4; lastKnownFileType = sourcecode.swift; path = AuthenticationError.swift; sourceTree = "<group>"; };
		192A7A9E292B4C260076B1A7 /* NetworkError.swift */ = {isa = PBXFileReference; fileEncoding = 4; lastKnownFileType = sourcecode.swift; path = NetworkError.swift; sourceTree = "<group>"; };
		192A7AA0292B4C260076B1A7 /* NetworkLogger.swift */ = {isa = PBXFileReference; fileEncoding = 4; lastKnownFileType = sourcecode.swift; path = NetworkLogger.swift; sourceTree = "<group>"; };
		192A7AA2292B4C260076B1A7 /* SportAPI+Path.swift */ = {isa = PBXFileReference; fileEncoding = 4; lastKnownFileType = sourcecode.swift; path = "SportAPI+Path.swift"; sourceTree = "<group>"; };
		192A7AA3292B4C260076B1A7 /* SportAPI+Parameter.swift */ = {isa = PBXFileReference; fileEncoding = 4; lastKnownFileType = sourcecode.swift; path = "SportAPI+Parameter.swift"; sourceTree = "<group>"; };
		192A7AA4292B4C260076B1A7 /* SportAPI.swift */ = {isa = PBXFileReference; fileEncoding = 4; lastKnownFileType = sourcecode.swift; path = SportAPI.swift; sourceTree = "<group>"; };
		192A7AAD292B4F330076B1A7 /* MatchesViewModel.swift */ = {isa = PBXFileReference; lastKnownFileType = sourcecode.swift; path = MatchesViewModel.swift; sourceTree = "<group>"; };
		192A7AB0292B4F980076B1A7 /* MatchesFetchable.swift */ = {isa = PBXFileReference; lastKnownFileType = sourcecode.swift; path = MatchesFetchable.swift; sourceTree = "<group>"; };
/* End PBXFileReference section */

/* Begin PBXFrameworksBuildPhase section */
		192A7A12292B3C310076B1A7 /* Frameworks */ = {
			isa = PBXFrameworksBuildPhase;
			buildActionMask = 2147483647;
			files = (
				192A7A76292B4ACA0076B1A7 /* SDWebImage in Frameworks */,
			);
			runOnlyForDeploymentPostprocessing = 0;
		};
		192A7A1C292B3C310076B1A7 /* Frameworks */ = {
			isa = PBXFrameworksBuildPhase;
			buildActionMask = 2147483647;
			files = (
				192A7A20292B3C310076B1A7 /* SportData.framework in Frameworks */,
			);
			runOnlyForDeploymentPostprocessing = 0;
		};
		192A7A3B292B43110076B1A7 /* Frameworks */ = {
			isa = PBXFrameworksBuildPhase;
			buildActionMask = 2147483647;
			files = (
				192A7A91292B4BC80076B1A7 /* SportDataAPI.framework in Frameworks */,
			);
			runOnlyForDeploymentPostprocessing = 0;
		};
		192A7A53292B43270076B1A7 /* Frameworks */ = {
			isa = PBXFrameworksBuildPhase;
			buildActionMask = 2147483647;
			files = (
			);
			runOnlyForDeploymentPostprocessing = 0;
		};
		192A7A79292B4BC80076B1A7 /* Frameworks */ = {
			isa = PBXFrameworksBuildPhase;
			buildActionMask = 2147483647;
			files = (
			);
			runOnlyForDeploymentPostprocessing = 0;
		};
		192A7A82292B4BC80076B1A7 /* Frameworks */ = {
			isa = PBXFrameworksBuildPhase;
			buildActionMask = 2147483647;
			files = (
				192A7A86292B4BC80076B1A7 /* SportDataAPI.framework in Frameworks */,
			);
			runOnlyForDeploymentPostprocessing = 0;
		};
/* End PBXFrameworksBuildPhase section */

/* Begin PBXGroup section */
		192A7A0B292B3C310076B1A7 = {
			isa = PBXGroup;
			children = (
				192A7A17292B3C310076B1A7 /* SportData */,
				192A7A23292B3C310076B1A7 /* SportDataTests */,
				192A7A7D292B4BC80076B1A7 /* SportAPI */,
				192A7A8B292B4BC80076B1A7 /* SportAPITests */,
				192A7A3F292B43110076B1A7 /* MainApp */,
				192A7A57292B43270076B1A7 /* MainAppTests */,
				192A7A16292B3C310076B1A7 /* Products */,
			);
			sourceTree = "<group>";
		};
		192A7A16292B3C310076B1A7 /* Products */ = {
			isa = PBXGroup;
			children = (
				192A7A15292B3C310076B1A7 /* SportData.framework */,
				192A7A1F292B3C310076B1A7 /* SportDataTests.xctest */,
				192A7A3E292B43110076B1A7 /* MainApp.app */,
				192A7A56292B43270076B1A7 /* MainAppTests.xctest */,
				192A7A7C292B4BC80076B1A7 /* SportDataAPI.framework */,
				192A7A85292B4BC80076B1A7 /* SportDataAPITests.xctest */,
			);
			name = Products;
			sourceTree = "<group>";
		};
		192A7A17292B3C310076B1A7 /* SportData */ = {
			isa = PBXGroup;
			children = (
				192A7A30292B3C3A0076B1A7 /* Match.swift */,
				192A7A2F292B3C3A0076B1A7 /* Team.swift */,
				192A7A18292B3C310076B1A7 /* Sport.h */,
				192A7A19292B3C310076B1A7 /* Sport.docc */,
			);
			path = SportData;
			sourceTree = "<group>";
		};
		192A7A23292B3C310076B1A7 /* SportDataTests */ = {
			isa = PBXGroup;
			children = (
				192A7A34292B3C630076B1A7 /* MatchTests.swift */,
				192A7A38292B3D130076B1A7 /* TeamTests.swift */,
				192A7A33292B3C630076B1A7 /* SportTests-Bridging-Header.h */,
			);
			path = SportDataTests;
			sourceTree = "<group>";
		};
		192A7A3F292B43110076B1A7 /* MainApp */ = {
			isa = PBXGroup;
			children = (
				192A7A61292B44080076B1A7 /* App */,
				192A7A5F292B436D0076B1A7 /* MainTabBar */,
				192A7A6D292B47690076B1A7 /* Matches */,
				192A7A6A292B47430076B1A7 /* Teams */,
			);
			path = MainApp;
			sourceTree = "<group>";
		};
		192A7A57292B43270076B1A7 /* MainAppTests */ = {
			isa = PBXGroup;
			children = (
				192A7A58292B43270076B1A7 /* MainAppTests.swift */,
			);
			path = MainAppTests;
			sourceTree = "<group>";
		};
		192A7A5F292B436D0076B1A7 /* MainTabBar */ = {
			isa = PBXGroup;
			children = (
				192A7A66292B45D60076B1A7 /* Controllers */,
			);
			path = MainTabBar;
			sourceTree = "<group>";
		};
		192A7A61292B44080076B1A7 /* App */ = {
			isa = PBXGroup;
			children = (
				192A7A64292B44390076B1A7 /* Delegates */,
				192A7A63292B44210076B1A7 /* InterfaceBuilder */,
				192A7A62292B44140076B1A7 /* Resources */,
				192A7A65292B44DE0076B1A7 /* SupportingFiles */,
			);
			path = App;
			sourceTree = "<group>";
		};
		192A7A62292B44140076B1A7 /* Resources */ = {
			isa = PBXGroup;
			children = (
				192A7A49292B43130076B1A7 /* Assets.xcassets */,
			);
			path = Resources;
			sourceTree = "<group>";
		};
		192A7A63292B44210076B1A7 /* InterfaceBuilder */ = {
			isa = PBXGroup;
			children = (
				192A7A4B292B43130076B1A7 /* LaunchScreen.storyboard */,
			);
			path = InterfaceBuilder;
			sourceTree = "<group>";
		};
		192A7A64292B44390076B1A7 /* Delegates */ = {
			isa = PBXGroup;
			children = (
				192A7A40292B43110076B1A7 /* AppDelegate.swift */,
				192A7A42292B43110076B1A7 /* SceneDelegate.swift */,
			);
			path = Delegates;
			sourceTree = "<group>";
		};
		192A7A65292B44DE0076B1A7 /* SupportingFiles */ = {
			isa = PBXGroup;
			children = (
				192A7A4E292B43130076B1A7 /* Info.plist */,
			);
			path = SupportingFiles;
			sourceTree = "<group>";
		};
		192A7A66292B45D60076B1A7 /* Controllers */ = {
			isa = PBXGroup;
			children = (
				192A7A67292B45F60076B1A7 /* MainTabBarController.swift */,
			);
			path = Controllers;
			sourceTree = "<group>";
		};
		192A7A6A292B47430076B1A7 /* Teams */ = {
			isa = PBXGroup;
			children = (
				192A7A71292B479B0076B1A7 /* Controllers */,
			);
			path = Teams;
			sourceTree = "<group>";
		};
		192A7A6D292B47690076B1A7 /* Matches */ = {
			isa = PBXGroup;
			children = (
				192A7AAF292B4F6C0076B1A7 /* Protocols */,
				192A7AAC292B4F260076B1A7 /* ViewModels */,
				192A7A70292B47920076B1A7 /* Controllers */,
			);
			path = Matches;
			sourceTree = "<group>";
		};
		192A7A70292B47920076B1A7 /* Controllers */ = {
			isa = PBXGroup;
			children = (
				192A7A6E292B478A0076B1A7 /* MatchesViewController.swift */,
			);
			path = Controllers;
			sourceTree = "<group>";
		};
		192A7A71292B479B0076B1A7 /* Controllers */ = {
			isa = PBXGroup;
			children = (
				192A7A72292B47A80076B1A7 /* TeamsViewController.swift */,
			);
			path = Controllers;
			sourceTree = "<group>";
		};
		192A7A7D292B4BC80076B1A7 /* SportAPI */ = {
			isa = PBXGroup;
			children = (
				192A7AA1292B4C260076B1A7 /* Base */,
				192A7A9F292B4C260076B1A7 /* Debug */,
				192A7A9B292B4C260076B1A7 /* Models */,
				192A7A7E292B4BC80076B1A7 /* SportAPI.h */,
				192A7A7F292B4BC80076B1A7 /* SportAPI.docc */,
			);
			path = SportAPI;
			sourceTree = "<group>";
		};
		192A7A8B292B4BC80076B1A7 /* SportAPITests */ = {
			isa = PBXGroup;
			children = (
				192A7A8C292B4BC80076B1A7 /* SportAPITests.swift */,
			);
			path = SportAPITests;
			sourceTree = "<group>";
		};
		192A7A9B292B4C260076B1A7 /* Models */ = {
			isa = PBXGroup;
			children = (
				192A7A9C292B4C260076B1A7 /* ResponseError.swift */,
				192A7A9D292B4C260076B1A7 /* AuthenticationError.swift */,
				192A7A9E292B4C260076B1A7 /* NetworkError.swift */,
			);
			path = Models;
			sourceTree = "<group>";
		};
		192A7A9F292B4C260076B1A7 /* Debug */ = {
			isa = PBXGroup;
			children = (
				192A7AA0292B4C260076B1A7 /* NetworkLogger.swift */,
			);
			path = Debug;
			sourceTree = "<group>";
		};
		192A7AA1292B4C260076B1A7 /* Base */ = {
			isa = PBXGroup;
			children = (
				192A7AA2292B4C260076B1A7 /* SportAPI+Path.swift */,
				192A7AA3292B4C260076B1A7 /* SportAPI+Parameter.swift */,
				192A7AA4292B4C260076B1A7 /* SportAPI.swift */,
			);
			path = Base;
			sourceTree = "<group>";
		};
		192A7AAC292B4F260076B1A7 /* ViewModels */ = {
			isa = PBXGroup;
			children = (
				192A7AAD292B4F330076B1A7 /* MatchesViewModel.swift */,
			);
			path = ViewModels;
			sourceTree = "<group>";
		};
		192A7AAF292B4F6C0076B1A7 /* Protocols */ = {
			isa = PBXGroup;
			children = (
				192A7AB0292B4F980076B1A7 /* MatchesFetchable.swift */,
			);
			path = Protocols;
			sourceTree = "<group>";
		};
/* End PBXGroup section */

/* Begin PBXHeadersBuildPhase section */
		192A7A10292B3C310076B1A7 /* Headers */ = {
			isa = PBXHeadersBuildPhase;
			buildActionMask = 2147483647;
			files = (
				192A7A26292B3C310076B1A7 /* Sport.h in Headers */,
			);
			runOnlyForDeploymentPostprocessing = 0;
		};
		192A7A77292B4BC80076B1A7 /* Headers */ = {
			isa = PBXHeadersBuildPhase;
			buildActionMask = 2147483647;
			files = (
				192A7A8E292B4BC80076B1A7 /* SportAPI.h in Headers */,
			);
			runOnlyForDeploymentPostprocessing = 0;
		};
/* End PBXHeadersBuildPhase section */

/* Begin PBXNativeTarget section */
		192A7A14292B3C310076B1A7 /* SportData */ = {
			isa = PBXNativeTarget;
			buildConfigurationList = 192A7A29292B3C310076B1A7 /* Build configuration list for PBXNativeTarget "SportData" */;
			buildPhases = (
				192A7A10292B3C310076B1A7 /* Headers */,
				192A7A11292B3C310076B1A7 /* Sources */,
				192A7A12292B3C310076B1A7 /* Frameworks */,
				192A7A13292B3C310076B1A7 /* Resources */,
			);
			buildRules = (
			);
			dependencies = (
			);
			name = SportData;
			packageProductDependencies = (
				192A7A75292B4ACA0076B1A7 /* SDWebImage */,
			);
			productName = Sport;
			productReference = 192A7A15292B3C310076B1A7 /* SportData.framework */;
			productType = "com.apple.product-type.framework";
		};
		192A7A1E292B3C310076B1A7 /* SportDataTests */ = {
			isa = PBXNativeTarget;
			buildConfigurationList = 192A7A2C292B3C310076B1A7 /* Build configuration list for PBXNativeTarget "SportDataTests" */;
			buildPhases = (
				192A7A1B292B3C310076B1A7 /* Sources */,
				192A7A1C292B3C310076B1A7 /* Frameworks */,
				192A7A1D292B3C310076B1A7 /* Resources */,
			);
			buildRules = (
			);
			dependencies = (
				192A7A22292B3C310076B1A7 /* PBXTargetDependency */,
			);
			name = SportDataTests;
			productName = SportTests;
			productReference = 192A7A1F292B3C310076B1A7 /* SportDataTests.xctest */;
			productType = "com.apple.product-type.bundle.unit-test";
		};
		192A7A3D292B43110076B1A7 /* MainApp */ = {
			isa = PBXNativeTarget;
			buildConfigurationList = 192A7A4F292B43130076B1A7 /* Build configuration list for PBXNativeTarget "MainApp" */;
			buildPhases = (
				192A7A3A292B43110076B1A7 /* Sources */,
				192A7A3B292B43110076B1A7 /* Frameworks */,
				192A7A3C292B43110076B1A7 /* Resources */,
				192A7A96292B4BC80076B1A7 /* Embed Frameworks */,
			);
			buildRules = (
			);
			dependencies = (
				192A7A90292B4BC80076B1A7 /* PBXTargetDependency */,
			);
			name = MainApp;
			productName = MainApp;
			productReference = 192A7A3E292B43110076B1A7 /* MainApp.app */;
			productType = "com.apple.product-type.application";
		};
		192A7A55292B43270076B1A7 /* MainAppTests */ = {
			isa = PBXNativeTarget;
			buildConfigurationList = 192A7A5C292B43270076B1A7 /* Build configuration list for PBXNativeTarget "MainAppTests" */;
			buildPhases = (
				192A7A52292B43270076B1A7 /* Sources */,
				192A7A53292B43270076B1A7 /* Frameworks */,
				192A7A54292B43270076B1A7 /* Resources */,
			);
			buildRules = (
			);
			dependencies = (
				192A7A5B292B43270076B1A7 /* PBXTargetDependency */,
			);
			name = MainAppTests;
			productName = MainAppTests;
			productReference = 192A7A56292B43270076B1A7 /* MainAppTests.xctest */;
			productType = "com.apple.product-type.bundle.unit-test";
		};
		192A7A7B292B4BC80076B1A7 /* SportDataAPI */ = {
			isa = PBXNativeTarget;
			buildConfigurationList = 192A7A93292B4BC80076B1A7 /* Build configuration list for PBXNativeTarget "SportDataAPI" */;
			buildPhases = (
				192A7A77292B4BC80076B1A7 /* Headers */,
				192A7A78292B4BC80076B1A7 /* Sources */,
				192A7A79292B4BC80076B1A7 /* Frameworks */,
				192A7A7A292B4BC80076B1A7 /* Resources */,
			);
			buildRules = (
			);
			dependencies = (
			);
			name = SportDataAPI;
			productName = SportAPI;
			productReference = 192A7A7C292B4BC80076B1A7 /* SportDataAPI.framework */;
			productType = "com.apple.product-type.framework";
		};
		192A7A84292B4BC80076B1A7 /* SportDataAPITests */ = {
			isa = PBXNativeTarget;
			buildConfigurationList = 192A7A97292B4BC80076B1A7 /* Build configuration list for PBXNativeTarget "SportDataAPITests" */;
			buildPhases = (
				192A7A81292B4BC80076B1A7 /* Sources */,
				192A7A82292B4BC80076B1A7 /* Frameworks */,
				192A7A83292B4BC80076B1A7 /* Resources */,
			);
			buildRules = (
			);
			dependencies = (
				192A7A88292B4BC80076B1A7 /* PBXTargetDependency */,
				192A7A8A292B4BC80076B1A7 /* PBXTargetDependency */,
			);
			name = SportDataAPITests;
			productName = SportAPITests;
			productReference = 192A7A85292B4BC80076B1A7 /* SportDataAPITests.xctest */;
			productType = "com.apple.product-type.bundle.unit-test";
		};
/* End PBXNativeTarget section */

/* Begin PBXProject section */
		192A7A0C292B3C310076B1A7 /* Project object */ = {
			isa = PBXProject;
			attributes = {
				BuildIndependentTargetsInParallel = 1;
				LastSwiftUpdateCheck = 1410;
				LastUpgradeCheck = 1410;
				TargetAttributes = {
					192A7A14292B3C310076B1A7 = {
						CreatedOnToolsVersion = 14.1;
					};
					192A7A1E292B3C310076B1A7 = {
						CreatedOnToolsVersion = 14.1;
						LastSwiftMigration = 1410;
					};
					192A7A3D292B43110076B1A7 = {
						CreatedOnToolsVersion = 14.1;
					};
					192A7A55292B43270076B1A7 = {
						CreatedOnToolsVersion = 14.1;
						TestTargetID = 192A7A3D292B43110076B1A7;
					};
					192A7A7B292B4BC80076B1A7 = {
						CreatedOnToolsVersion = 14.1;
					};
					192A7A84292B4BC80076B1A7 = {
						CreatedOnToolsVersion = 14.1;
						TestTargetID = 192A7A3D292B43110076B1A7;
					};
				};
			};
			buildConfigurationList = 192A7A0F292B3C310076B1A7 /* Build configuration list for PBXProject "Sport" */;
			compatibilityVersion = "Xcode 14.0";
			developmentRegion = en;
			hasScannedForEncodings = 0;
			knownRegions = (
				en,
				Base,
			);
			mainGroup = 192A7A0B292B3C310076B1A7;
			packageReferences = (
				192A7A74292B4ACA0076B1A7 /* XCRemoteSwiftPackageReference "SDWebImage" */,
			);
			productRefGroup = 192A7A16292B3C310076B1A7 /* Products */;
			projectDirPath = "";
			projectRoot = "";
			targets = (
				192A7A14292B3C310076B1A7 /* SportData */,
				192A7A1E292B3C310076B1A7 /* SportDataTests */,
				192A7A3D292B43110076B1A7 /* MainApp */,
				192A7A55292B43270076B1A7 /* MainAppTests */,
				192A7A7B292B4BC80076B1A7 /* SportDataAPI */,
				192A7A84292B4BC80076B1A7 /* SportDataAPITests */,
			);
		};
/* End PBXProject section */

/* Begin PBXResourcesBuildPhase section */
		192A7A13292B3C310076B1A7 /* Resources */ = {
			isa = PBXResourcesBuildPhase;
			buildActionMask = 2147483647;
			files = (
			);
			runOnlyForDeploymentPostprocessing = 0;
		};
		192A7A1D292B3C310076B1A7 /* Resources */ = {
			isa = PBXResourcesBuildPhase;
			buildActionMask = 2147483647;
			files = (
			);
			runOnlyForDeploymentPostprocessing = 0;
		};
		192A7A3C292B43110076B1A7 /* Resources */ = {
			isa = PBXResourcesBuildPhase;
			buildActionMask = 2147483647;
			files = (
				192A7A4D292B43130076B1A7 /* LaunchScreen.storyboard in Resources */,
				192A7A4A292B43130076B1A7 /* Assets.xcassets in Resources */,
			);
			runOnlyForDeploymentPostprocessing = 0;
		};
		192A7A54292B43270076B1A7 /* Resources */ = {
			isa = PBXResourcesBuildPhase;
			buildActionMask = 2147483647;
			files = (
			);
			runOnlyForDeploymentPostprocessing = 0;
		};
		192A7A7A292B4BC80076B1A7 /* Resources */ = {
			isa = PBXResourcesBuildPhase;
			buildActionMask = 2147483647;
			files = (
			);
			runOnlyForDeploymentPostprocessing = 0;
		};
		192A7A83292B4BC80076B1A7 /* Resources */ = {
			isa = PBXResourcesBuildPhase;
			buildActionMask = 2147483647;
			files = (
			);
			runOnlyForDeploymentPostprocessing = 0;
		};
/* End PBXResourcesBuildPhase section */

/* Begin PBXSourcesBuildPhase section */
		192A7A11292B3C310076B1A7 /* Sources */ = {
			isa = PBXSourcesBuildPhase;
			buildActionMask = 2147483647;
			files = (
				192A7A31292B3C3A0076B1A7 /* Team.swift in Sources */,
				192A7A1A292B3C310076B1A7 /* Sport.docc in Sources */,
				192A7A32292B3C3A0076B1A7 /* Match.swift in Sources */,
			);
			runOnlyForDeploymentPostprocessing = 0;
		};
		192A7A1B292B3C310076B1A7 /* Sources */ = {
			isa = PBXSourcesBuildPhase;
			buildActionMask = 2147483647;
			files = (
				192A7A39292B3D130076B1A7 /* TeamTests.swift in Sources */,
				192A7A35292B3C630076B1A7 /* MatchTests.swift in Sources */,
			);
			runOnlyForDeploymentPostprocessing = 0;
		};
		192A7A3A292B43110076B1A7 /* Sources */ = {
			isa = PBXSourcesBuildPhase;
			buildActionMask = 2147483647;
			files = (
				192A7AAE292B4F330076B1A7 /* MatchesViewModel.swift in Sources */,
				192A7AB1292B4F980076B1A7 /* MatchesFetchable.swift in Sources */,
				192A7A41292B43110076B1A7 /* AppDelegate.swift in Sources */,
				192A7A43292B43110076B1A7 /* SceneDelegate.swift in Sources */,
				192A7A6F292B478A0076B1A7 /* MatchesViewController.swift in Sources */,
				192A7A73292B47A80076B1A7 /* TeamsViewController.swift in Sources */,
				192A7A68292B45F60076B1A7 /* MainTabBarController.swift in Sources */,
			);
			runOnlyForDeploymentPostprocessing = 0;
		};
		192A7A52292B43270076B1A7 /* Sources */ = {
			isa = PBXSourcesBuildPhase;
			buildActionMask = 2147483647;
			files = (
				192A7A59292B43270076B1A7 /* MainAppTests.swift in Sources */,
			);
			runOnlyForDeploymentPostprocessing = 0;
		};
		192A7A78292B4BC80076B1A7 /* Sources */ = {
			isa = PBXSourcesBuildPhase;
			buildActionMask = 2147483647;
			files = (
				192A7AA8292B4C260076B1A7 /* NetworkLogger.swift in Sources */,
				192A7AAA292B4C270076B1A7 /* SportAPI+Parameter.swift in Sources */,
				192A7A80292B4BC80076B1A7 /* SportAPI.docc in Sources */,
				192A7AA7292B4C260076B1A7 /* NetworkError.swift in Sources */,
				192A7AA6292B4C260076B1A7 /* AuthenticationError.swift in Sources */,
				192A7AA9292B4C270076B1A7 /* SportAPI+Path.swift in Sources */,
				192A7AA5292B4C260076B1A7 /* ResponseError.swift in Sources */,
				192A7AAB292B4C270076B1A7 /* SportAPI.swift in Sources */,
			);
			runOnlyForDeploymentPostprocessing = 0;
		};
		192A7A81292B4BC80076B1A7 /* Sources */ = {
			isa = PBXSourcesBuildPhase;
			buildActionMask = 2147483647;
			files = (
				192A7A8D292B4BC80076B1A7 /* SportAPITests.swift in Sources */,
			);
			runOnlyForDeploymentPostprocessing = 0;
		};
/* End PBXSourcesBuildPhase section */

/* Begin PBXTargetDependency section */
		192A7A22292B3C310076B1A7 /* PBXTargetDependency */ = {
			isa = PBXTargetDependency;
			target = 192A7A14292B3C310076B1A7 /* SportData */;
			targetProxy = 192A7A21292B3C310076B1A7 /* PBXContainerItemProxy */;
		};
		192A7A5B292B43270076B1A7 /* PBXTargetDependency */ = {
			isa = PBXTargetDependency;
			target = 192A7A3D292B43110076B1A7 /* MainApp */;
			targetProxy = 192A7A5A292B43270076B1A7 /* PBXContainerItemProxy */;
		};
		192A7A88292B4BC80076B1A7 /* PBXTargetDependency */ = {
			isa = PBXTargetDependency;
			target = 192A7A7B292B4BC80076B1A7 /* SportDataAPI */;
			targetProxy = 192A7A87292B4BC80076B1A7 /* PBXContainerItemProxy */;
		};
		192A7A8A292B4BC80076B1A7 /* PBXTargetDependency */ = {
			isa = PBXTargetDependency;
			target = 192A7A3D292B43110076B1A7 /* MainApp */;
			targetProxy = 192A7A89292B4BC80076B1A7 /* PBXContainerItemProxy */;
		};
		192A7A90292B4BC80076B1A7 /* PBXTargetDependency */ = {
			isa = PBXTargetDependency;
			target = 192A7A7B292B4BC80076B1A7 /* SportDataAPI */;
			targetProxy = 192A7A8F292B4BC80076B1A7 /* PBXContainerItemProxy */;
		};
/* End PBXTargetDependency section */

/* Begin PBXVariantGroup section */
		192A7A4B292B43130076B1A7 /* LaunchScreen.storyboard */ = {
			isa = PBXVariantGroup;
			children = (
				192A7A4C292B43130076B1A7 /* Base */,
			);
			name = LaunchScreen.storyboard;
			sourceTree = "<group>";
		};
/* End PBXVariantGroup section */

/* Begin XCBuildConfiguration section */
		192A7A27292B3C310076B1A7 /* Debug */ = {
			isa = XCBuildConfiguration;
			buildSettings = {
				ALWAYS_SEARCH_USER_PATHS = NO;
				CLANG_ANALYZER_NONNULL = YES;
				CLANG_ANALYZER_NUMBER_OBJECT_CONVERSION = YES_AGGRESSIVE;
				CLANG_CXX_LANGUAGE_STANDARD = "gnu++20";
				CLANG_ENABLE_MODULES = YES;
				CLANG_ENABLE_OBJC_ARC = YES;
				CLANG_ENABLE_OBJC_WEAK = YES;
				CLANG_WARN_BLOCK_CAPTURE_AUTORELEASING = YES;
				CLANG_WARN_BOOL_CONVERSION = YES;
				CLANG_WARN_COMMA = YES;
				CLANG_WARN_CONSTANT_CONVERSION = YES;
				CLANG_WARN_DEPRECATED_OBJC_IMPLEMENTATIONS = YES;
				CLANG_WARN_DIRECT_OBJC_ISA_USAGE = YES_ERROR;
				CLANG_WARN_DOCUMENTATION_COMMENTS = YES;
				CLANG_WARN_EMPTY_BODY = YES;
				CLANG_WARN_ENUM_CONVERSION = YES;
				CLANG_WARN_INFINITE_RECURSION = YES;
				CLANG_WARN_INT_CONVERSION = YES;
				CLANG_WARN_NON_LITERAL_NULL_CONVERSION = YES;
				CLANG_WARN_OBJC_IMPLICIT_RETAIN_SELF = YES;
				CLANG_WARN_OBJC_LITERAL_CONVERSION = YES;
				CLANG_WARN_OBJC_ROOT_CLASS = YES_ERROR;
				CLANG_WARN_QUOTED_INCLUDE_IN_FRAMEWORK_HEADER = YES;
				CLANG_WARN_RANGE_LOOP_ANALYSIS = YES;
				CLANG_WARN_STRICT_PROTOTYPES = YES;
				CLANG_WARN_SUSPICIOUS_MOVE = YES;
				CLANG_WARN_UNGUARDED_AVAILABILITY = YES_AGGRESSIVE;
				CLANG_WARN_UNREACHABLE_CODE = YES;
				CLANG_WARN__DUPLICATE_METHOD_MATCH = YES;
				COPY_PHASE_STRIP = NO;
				CURRENT_PROJECT_VERSION = 1;
				DEBUG_INFORMATION_FORMAT = dwarf;
				ENABLE_STRICT_OBJC_MSGSEND = YES;
				ENABLE_TESTABILITY = YES;
				GCC_C_LANGUAGE_STANDARD = gnu11;
				GCC_DYNAMIC_NO_PIC = NO;
				GCC_NO_COMMON_BLOCKS = YES;
				GCC_OPTIMIZATION_LEVEL = 0;
				GCC_PREPROCESSOR_DEFINITIONS = (
					"DEBUG=1",
					"$(inherited)",
				);
				GCC_WARN_64_TO_32_BIT_CONVERSION = YES;
				GCC_WARN_ABOUT_RETURN_TYPE = YES_ERROR;
				GCC_WARN_UNDECLARED_SELECTOR = YES;
				GCC_WARN_UNINITIALIZED_AUTOS = YES_AGGRESSIVE;
				GCC_WARN_UNUSED_FUNCTION = YES;
				GCC_WARN_UNUSED_VARIABLE = YES;
				IPHONEOS_DEPLOYMENT_TARGET = 14.0;
				MTL_ENABLE_DEBUG_INFO = INCLUDE_SOURCE;
				MTL_FAST_MATH = YES;
				ONLY_ACTIVE_ARCH = YES;
				SDKROOT = iphoneos;
				SWIFT_ACTIVE_COMPILATION_CONDITIONS = DEBUG;
				SWIFT_OPTIMIZATION_LEVEL = "-Onone";
				VERSIONING_SYSTEM = "apple-generic";
				VERSION_INFO_PREFIX = "";
			};
			name = Debug;
		};
		192A7A28292B3C310076B1A7 /* Release */ = {
			isa = XCBuildConfiguration;
			buildSettings = {
				ALWAYS_SEARCH_USER_PATHS = NO;
				CLANG_ANALYZER_NONNULL = YES;
				CLANG_ANALYZER_NUMBER_OBJECT_CONVERSION = YES_AGGRESSIVE;
				CLANG_CXX_LANGUAGE_STANDARD = "gnu++20";
				CLANG_ENABLE_MODULES = YES;
				CLANG_ENABLE_OBJC_ARC = YES;
				CLANG_ENABLE_OBJC_WEAK = YES;
				CLANG_WARN_BLOCK_CAPTURE_AUTORELEASING = YES;
				CLANG_WARN_BOOL_CONVERSION = YES;
				CLANG_WARN_COMMA = YES;
				CLANG_WARN_CONSTANT_CONVERSION = YES;
				CLANG_WARN_DEPRECATED_OBJC_IMPLEMENTATIONS = YES;
				CLANG_WARN_DIRECT_OBJC_ISA_USAGE = YES_ERROR;
				CLANG_WARN_DOCUMENTATION_COMMENTS = YES;
				CLANG_WARN_EMPTY_BODY = YES;
				CLANG_WARN_ENUM_CONVERSION = YES;
				CLANG_WARN_INFINITE_RECURSION = YES;
				CLANG_WARN_INT_CONVERSION = YES;
				CLANG_WARN_NON_LITERAL_NULL_CONVERSION = YES;
				CLANG_WARN_OBJC_IMPLICIT_RETAIN_SELF = YES;
				CLANG_WARN_OBJC_LITERAL_CONVERSION = YES;
				CLANG_WARN_OBJC_ROOT_CLASS = YES_ERROR;
				CLANG_WARN_QUOTED_INCLUDE_IN_FRAMEWORK_HEADER = YES;
				CLANG_WARN_RANGE_LOOP_ANALYSIS = YES;
				CLANG_WARN_STRICT_PROTOTYPES = YES;
				CLANG_WARN_SUSPICIOUS_MOVE = YES;
				CLANG_WARN_UNGUARDED_AVAILABILITY = YES_AGGRESSIVE;
				CLANG_WARN_UNREACHABLE_CODE = YES;
				CLANG_WARN__DUPLICATE_METHOD_MATCH = YES;
				COPY_PHASE_STRIP = NO;
				CURRENT_PROJECT_VERSION = 1;
				DEBUG_INFORMATION_FORMAT = "dwarf-with-dsym";
				ENABLE_NS_ASSERTIONS = NO;
				ENABLE_STRICT_OBJC_MSGSEND = YES;
				GCC_C_LANGUAGE_STANDARD = gnu11;
				GCC_NO_COMMON_BLOCKS = YES;
				GCC_WARN_64_TO_32_BIT_CONVERSION = YES;
				GCC_WARN_ABOUT_RETURN_TYPE = YES_ERROR;
				GCC_WARN_UNDECLARED_SELECTOR = YES;
				GCC_WARN_UNINITIALIZED_AUTOS = YES_AGGRESSIVE;
				GCC_WARN_UNUSED_FUNCTION = YES;
				GCC_WARN_UNUSED_VARIABLE = YES;
				IPHONEOS_DEPLOYMENT_TARGET = 14.0;
				MTL_ENABLE_DEBUG_INFO = NO;
				MTL_FAST_MATH = YES;
				SDKROOT = iphoneos;
				SWIFT_COMPILATION_MODE = wholemodule;
				SWIFT_OPTIMIZATION_LEVEL = "-O";
				VALIDATE_PRODUCT = YES;
				VERSIONING_SYSTEM = "apple-generic";
				VERSION_INFO_PREFIX = "";
			};
			name = Release;
		};
		192A7A2A292B3C310076B1A7 /* Debug */ = {
			isa = XCBuildConfiguration;
			buildSettings = {
				CODE_SIGN_STYLE = Automatic;
				CURRENT_PROJECT_VERSION = 1;
				DEFINES_MODULE = YES;
				DEVELOPMENT_TEAM = 6897VAM74N;
				DYLIB_COMPATIBILITY_VERSION = 1;
				DYLIB_CURRENT_VERSION = 1;
				DYLIB_INSTALL_NAME_BASE = "@rpath";
				GENERATE_INFOPLIST_FILE = YES;
				INFOPLIST_KEY_NSHumanReadableCopyright = "";
				INSTALL_PATH = "$(LOCAL_LIBRARY_DIR)/Frameworks";
				IPHONEOS_DEPLOYMENT_TARGET = 14.0;
				LD_RUNPATH_SEARCH_PATHS = (
					"$(inherited)",
					"@executable_path/Frameworks",
					"@loader_path/Frameworks",
				);
				MARKETING_VERSION = 1.0;
				PRODUCT_BUNDLE_IDENTIFIER = com.jayvennhan.app.Sport;
				PRODUCT_NAME = "$(TARGET_NAME:c99extidentifier)";
				SKIP_INSTALL = YES;
				SWIFT_EMIT_LOC_STRINGS = YES;
				SWIFT_VERSION = 5.0;
				TARGETED_DEVICE_FAMILY = "1,2";
			};
			name = Debug;
		};
		192A7A2B292B3C310076B1A7 /* Release */ = {
			isa = XCBuildConfiguration;
			buildSettings = {
				CODE_SIGN_STYLE = Automatic;
				CURRENT_PROJECT_VERSION = 1;
				DEFINES_MODULE = YES;
				DEVELOPMENT_TEAM = 6897VAM74N;
				DYLIB_COMPATIBILITY_VERSION = 1;
				DYLIB_CURRENT_VERSION = 1;
				DYLIB_INSTALL_NAME_BASE = "@rpath";
				GENERATE_INFOPLIST_FILE = YES;
				INFOPLIST_KEY_NSHumanReadableCopyright = "";
				INSTALL_PATH = "$(LOCAL_LIBRARY_DIR)/Frameworks";
				IPHONEOS_DEPLOYMENT_TARGET = 14.0;
				LD_RUNPATH_SEARCH_PATHS = (
					"$(inherited)",
					"@executable_path/Frameworks",
					"@loader_path/Frameworks",
				);
				MARKETING_VERSION = 1.0;
				PRODUCT_BUNDLE_IDENTIFIER = com.jayvennhan.app.Sport;
				PRODUCT_NAME = "$(TARGET_NAME:c99extidentifier)";
				SKIP_INSTALL = YES;
				SWIFT_EMIT_LOC_STRINGS = YES;
				SWIFT_VERSION = 5.0;
				TARGETED_DEVICE_FAMILY = "1,2";
			};
			name = Release;
		};
		192A7A2D292B3C310076B1A7 /* Debug */ = {
			isa = XCBuildConfiguration;
			buildSettings = {
				ALWAYS_EMBED_SWIFT_STANDARD_LIBRARIES = YES;
				CLANG_ENABLE_MODULES = YES;
				CODE_SIGN_STYLE = Automatic;
				CURRENT_PROJECT_VERSION = 1;
				DEVELOPMENT_TEAM = 6897VAM74N;
				GENERATE_INFOPLIST_FILE = YES;
				IPHONEOS_DEPLOYMENT_TARGET = 14.0;
				LD_RUNPATH_SEARCH_PATHS = (
					"$(inherited)",
					"@executable_path/Frameworks",
					"@loader_path/Frameworks",
				);
				MARKETING_VERSION = 1.0;
				PRODUCT_BUNDLE_IDENTIFIER = com.jayvennhan.app.SportTests;
				PRODUCT_NAME = "$(TARGET_NAME)";
				SWIFT_EMIT_LOC_STRINGS = NO;
				SWIFT_OBJC_BRIDGING_HEADER = "SportTests/SportTests-Bridging-Header.h";
				SWIFT_OPTIMIZATION_LEVEL = "-Onone";
				SWIFT_VERSION = 5.0;
				TARGETED_DEVICE_FAMILY = "1,2";
			};
			name = Debug;
		};
		192A7A2E292B3C310076B1A7 /* Release */ = {
			isa = XCBuildConfiguration;
			buildSettings = {
				ALWAYS_EMBED_SWIFT_STANDARD_LIBRARIES = YES;
				CLANG_ENABLE_MODULES = YES;
				CODE_SIGN_STYLE = Automatic;
				CURRENT_PROJECT_VERSION = 1;
				DEVELOPMENT_TEAM = 6897VAM74N;
				GENERATE_INFOPLIST_FILE = YES;
				IPHONEOS_DEPLOYMENT_TARGET = 14.0;
				LD_RUNPATH_SEARCH_PATHS = (
					"$(inherited)",
					"@executable_path/Frameworks",
					"@loader_path/Frameworks",
				);
				MARKETING_VERSION = 1.0;
				PRODUCT_BUNDLE_IDENTIFIER = com.jayvennhan.app.SportTests;
				PRODUCT_NAME = "$(TARGET_NAME)";
				SWIFT_EMIT_LOC_STRINGS = NO;
				SWIFT_OBJC_BRIDGING_HEADER = "SportTests/SportTests-Bridging-Header.h";
				SWIFT_VERSION = 5.0;
				TARGETED_DEVICE_FAMILY = "1,2";
			};
			name = Release;
		};
		192A7A50292B43130076B1A7 /* Debug */ = {
			isa = XCBuildConfiguration;
			buildSettings = {
				ALWAYS_EMBED_SWIFT_STANDARD_LIBRARIES = YES;
				ASSETCATALOG_COMPILER_APPICON_NAME = AppIcon;
				ASSETCATALOG_COMPILER_GLOBAL_ACCENT_COLOR_NAME = AccentColor;
				CODE_SIGN_STYLE = Automatic;
				CURRENT_PROJECT_VERSION = 1;
				DEVELOPMENT_TEAM = 6897VAM74N;
				GENERATE_INFOPLIST_FILE = YES;
				INFOPLIST_FILE = MainApp/App/SupportingFiles/Info.plist;
				INFOPLIST_KEY_UIApplicationSupportsIndirectInputEvents = YES;
				INFOPLIST_KEY_UILaunchStoryboardName = LaunchScreen;
				INFOPLIST_KEY_UISupportedInterfaceOrientations_iPad = "UIInterfaceOrientationPortrait UIInterfaceOrientationPortraitUpsideDown UIInterfaceOrientationLandscapeLeft UIInterfaceOrientationLandscapeRight";
				INFOPLIST_KEY_UISupportedInterfaceOrientations_iPhone = "UIInterfaceOrientationPortrait UIInterfaceOrientationLandscapeLeft UIInterfaceOrientationLandscapeRight";
				IPHONEOS_DEPLOYMENT_TARGET = 14.0;
				LD_RUNPATH_SEARCH_PATHS = (
					"$(inherited)",
					"@executable_path/Frameworks",
				);
				MARKETING_VERSION = 1.0;
				PRODUCT_BUNDLE_IDENTIFIER = com.jayvennhan.app.MainApp;
				PRODUCT_NAME = "$(TARGET_NAME)";
				SWIFT_EMIT_LOC_STRINGS = YES;
				SWIFT_VERSION = 5.0;
				TARGETED_DEVICE_FAMILY = "1,2";
			};
			name = Debug;
		};
		192A7A51292B43130076B1A7 /* Release */ = {
			isa = XCBuildConfiguration;
			buildSettings = {
				ALWAYS_EMBED_SWIFT_STANDARD_LIBRARIES = YES;
				ASSETCATALOG_COMPILER_APPICON_NAME = AppIcon;
				ASSETCATALOG_COMPILER_GLOBAL_ACCENT_COLOR_NAME = AccentColor;
				CODE_SIGN_STYLE = Automatic;
				CURRENT_PROJECT_VERSION = 1;
				DEVELOPMENT_TEAM = 6897VAM74N;
				GENERATE_INFOPLIST_FILE = YES;
				INFOPLIST_FILE = MainApp/App/SupportingFiles/Info.plist;
				INFOPLIST_KEY_UIApplicationSupportsIndirectInputEvents = YES;
				INFOPLIST_KEY_UILaunchStoryboardName = LaunchScreen;
				INFOPLIST_KEY_UISupportedInterfaceOrientations_iPad = "UIInterfaceOrientationPortrait UIInterfaceOrientationPortraitUpsideDown UIInterfaceOrientationLandscapeLeft UIInterfaceOrientationLandscapeRight";
				INFOPLIST_KEY_UISupportedInterfaceOrientations_iPhone = "UIInterfaceOrientationPortrait UIInterfaceOrientationLandscapeLeft UIInterfaceOrientationLandscapeRight";
				IPHONEOS_DEPLOYMENT_TARGET = 14.0;
				LD_RUNPATH_SEARCH_PATHS = (
					"$(inherited)",
					"@executable_path/Frameworks",
				);
				MARKETING_VERSION = 1.0;
				PRODUCT_BUNDLE_IDENTIFIER = com.jayvennhan.app.MainApp;
				PRODUCT_NAME = "$(TARGET_NAME)";
				SWIFT_EMIT_LOC_STRINGS = YES;
				SWIFT_VERSION = 5.0;
				TARGETED_DEVICE_FAMILY = "1,2";
			};
			name = Release;
		};
		192A7A5D292B43270076B1A7 /* Debug */ = {
			isa = XCBuildConfiguration;
			buildSettings = {
				BUNDLE_LOADER = "$(TEST_HOST)";
				CODE_SIGN_STYLE = Automatic;
				CURRENT_PROJECT_VERSION = 1;
				DEVELOPMENT_TEAM = 6897VAM74N;
				GENERATE_INFOPLIST_FILE = YES;
				IPHONEOS_DEPLOYMENT_TARGET = 14.0;
				MARKETING_VERSION = 1.0;
				PRODUCT_BUNDLE_IDENTIFIER = com.jayvennhan.app.MainAppTests;
				PRODUCT_NAME = "$(TARGET_NAME)";
				SWIFT_EMIT_LOC_STRINGS = NO;
				SWIFT_VERSION = 5.0;
				TARGETED_DEVICE_FAMILY = "1,2";
				TEST_HOST = "$(BUILT_PRODUCTS_DIR)/MainApp.app/$(BUNDLE_EXECUTABLE_FOLDER_PATH)/MainApp";
			};
			name = Debug;
		};
		192A7A5E292B43270076B1A7 /* Release */ = {
			isa = XCBuildConfiguration;
			buildSettings = {
				BUNDLE_LOADER = "$(TEST_HOST)";
				CODE_SIGN_STYLE = Automatic;
				CURRENT_PROJECT_VERSION = 1;
				DEVELOPMENT_TEAM = 6897VAM74N;
				GENERATE_INFOPLIST_FILE = YES;
				IPHONEOS_DEPLOYMENT_TARGET = 14.0;
				MARKETING_VERSION = 1.0;
				PRODUCT_BUNDLE_IDENTIFIER = com.jayvennhan.app.MainAppTests;
				PRODUCT_NAME = "$(TARGET_NAME)";
				SWIFT_EMIT_LOC_STRINGS = NO;
				SWIFT_VERSION = 5.0;
				TARGETED_DEVICE_FAMILY = "1,2";
				TEST_HOST = "$(BUILT_PRODUCTS_DIR)/MainApp.app/$(BUNDLE_EXECUTABLE_FOLDER_PATH)/MainApp";
			};
			name = Release;
		};
		192A7A94292B4BC80076B1A7 /* Debug */ = {
			isa = XCBuildConfiguration;
			buildSettings = {
				CODE_SIGN_STYLE = Automatic;
				CURRENT_PROJECT_VERSION = 1;
				DEFINES_MODULE = YES;
				DEVELOPMENT_TEAM = 6897VAM74N;
				DYLIB_COMPATIBILITY_VERSION = 1;
				DYLIB_CURRENT_VERSION = 1;
				DYLIB_INSTALL_NAME_BASE = "@rpath";
				GENERATE_INFOPLIST_FILE = YES;
				INFOPLIST_KEY_NSHumanReadableCopyright = "";
				INSTALL_PATH = "$(LOCAL_LIBRARY_DIR)/Frameworks";
				IPHONEOS_DEPLOYMENT_TARGET = 14.0;
				LD_RUNPATH_SEARCH_PATHS = (
					"$(inherited)",
					"@executable_path/Frameworks",
					"@loader_path/Frameworks",
				);
				MARKETING_VERSION = 1.0;
				PRODUCT_BUNDLE_IDENTIFIER = com.jayvennhan.app.SportAPI;
				PRODUCT_NAME = "$(TARGET_NAME:c99extidentifier)";
				SKIP_INSTALL = YES;
				SWIFT_EMIT_LOC_STRINGS = YES;
				SWIFT_VERSION = 5.0;
				TARGETED_DEVICE_FAMILY = "1,2";
			};
			name = Debug;
		};
		192A7A95292B4BC80076B1A7 /* Release */ = {
			isa = XCBuildConfiguration;
			buildSettings = {
				CODE_SIGN_STYLE = Automatic;
				CURRENT_PROJECT_VERSION = 1;
				DEFINES_MODULE = YES;
				DEVELOPMENT_TEAM = 6897VAM74N;
				DYLIB_COMPATIBILITY_VERSION = 1;
				DYLIB_CURRENT_VERSION = 1;
				DYLIB_INSTALL_NAME_BASE = "@rpath";
				GENERATE_INFOPLIST_FILE = YES;
				INFOPLIST_KEY_NSHumanReadableCopyright = "";
				INSTALL_PATH = "$(LOCAL_LIBRARY_DIR)/Frameworks";
				IPHONEOS_DEPLOYMENT_TARGET = 14.0;
				LD_RUNPATH_SEARCH_PATHS = (
					"$(inherited)",
					"@executable_path/Frameworks",
					"@loader_path/Frameworks",
				);
				MARKETING_VERSION = 1.0;
				PRODUCT_BUNDLE_IDENTIFIER = com.jayvennhan.app.SportAPI;
				PRODUCT_NAME = "$(TARGET_NAME:c99extidentifier)";
				SKIP_INSTALL = YES;
				SWIFT_EMIT_LOC_STRINGS = YES;
				SWIFT_VERSION = 5.0;
				TARGETED_DEVICE_FAMILY = "1,2";
			};
			name = Release;
		};
		192A7A98292B4BC80076B1A7 /* Debug */ = {
			isa = XCBuildConfiguration;
			buildSettings = {
				ALWAYS_EMBED_SWIFT_STANDARD_LIBRARIES = YES;
				CODE_SIGN_STYLE = Automatic;
				CURRENT_PROJECT_VERSION = 1;
				DEVELOPMENT_TEAM = 6897VAM74N;
				GENERATE_INFOPLIST_FILE = YES;
				IPHONEOS_DEPLOYMENT_TARGET = 14.0;
				MARKETING_VERSION = 1.0;
				PRODUCT_BUNDLE_IDENTIFIER = com.jayvennhan.app.SportAPITests;
				PRODUCT_NAME = "$(TARGET_NAME)";
				SWIFT_EMIT_LOC_STRINGS = NO;
				SWIFT_VERSION = 5.0;
				TARGETED_DEVICE_FAMILY = "1,2";
				TEST_HOST = "$(BUILT_PRODUCTS_DIR)/MainApp.app/$(BUNDLE_EXECUTABLE_FOLDER_PATH)/MainApp";
			};
			name = Debug;
		};
		192A7A99292B4BC80076B1A7 /* Release */ = {
			isa = XCBuildConfiguration;
			buildSettings = {
				ALWAYS_EMBED_SWIFT_STANDARD_LIBRARIES = YES;
				CODE_SIGN_STYLE = Automatic;
				CURRENT_PROJECT_VERSION = 1;
				DEVELOPMENT_TEAM = 6897VAM74N;
				GENERATE_INFOPLIST_FILE = YES;
				IPHONEOS_DEPLOYMENT_TARGET = 14.0;
				MARKETING_VERSION = 1.0;
				PRODUCT_BUNDLE_IDENTIFIER = com.jayvennhan.app.SportAPITests;
				PRODUCT_NAME = "$(TARGET_NAME)";
				SWIFT_EMIT_LOC_STRINGS = NO;
				SWIFT_VERSION = 5.0;
				TARGETED_DEVICE_FAMILY = "1,2";
				TEST_HOST = "$(BUILT_PRODUCTS_DIR)/MainApp.app/$(BUNDLE_EXECUTABLE_FOLDER_PATH)/MainApp";
			};
			name = Release;
		};
/* End XCBuildConfiguration section */

/* Begin XCConfigurationList section */
		192A7A0F292B3C310076B1A7 /* Build configuration list for PBXProject "Sport" */ = {
			isa = XCConfigurationList;
			buildConfigurations = (
				192A7A27292B3C310076B1A7 /* Debug */,
				192A7A28292B3C310076B1A7 /* Release */,
			);
			defaultConfigurationIsVisible = 0;
			defaultConfigurationName = Release;
		};
		192A7A29292B3C310076B1A7 /* Build configuration list for PBXNativeTarget "SportData" */ = {
			isa = XCConfigurationList;
			buildConfigurations = (
				192A7A2A292B3C310076B1A7 /* Debug */,
				192A7A2B292B3C310076B1A7 /* Release */,
			);
			defaultConfigurationIsVisible = 0;
			defaultConfigurationName = Release;
		};
		192A7A2C292B3C310076B1A7 /* Build configuration list for PBXNativeTarget "SportDataTests" */ = {
			isa = XCConfigurationList;
			buildConfigurations = (
				192A7A2D292B3C310076B1A7 /* Debug */,
				192A7A2E292B3C310076B1A7 /* Release */,
			);
			defaultConfigurationIsVisible = 0;
			defaultConfigurationName = Release;
		};
		192A7A4F292B43130076B1A7 /* Build configuration list for PBXNativeTarget "MainApp" */ = {
			isa = XCConfigurationList;
			buildConfigurations = (
				192A7A50292B43130076B1A7 /* Debug */,
				192A7A51292B43130076B1A7 /* Release */,
			);
			defaultConfigurationIsVisible = 0;
			defaultConfigurationName = Release;
		};
		192A7A5C292B43270076B1A7 /* Build configuration list for PBXNativeTarget "MainAppTests" */ = {
			isa = XCConfigurationList;
			buildConfigurations = (
				192A7A5D292B43270076B1A7 /* Debug */,
				192A7A5E292B43270076B1A7 /* Release */,
			);
			defaultConfigurationIsVisible = 0;
			defaultConfigurationName = Release;
		};
		192A7A93292B4BC80076B1A7 /* Build configuration list for PBXNativeTarget "SportDataAPI" */ = {
			isa = XCConfigurationList;
			buildConfigurations = (
				192A7A94292B4BC80076B1A7 /* Debug */,
				192A7A95292B4BC80076B1A7 /* Release */,
			);
			defaultConfigurationIsVisible = 0;
			defaultConfigurationName = Release;
		};
		192A7A97292B4BC80076B1A7 /* Build configuration list for PBXNativeTarget "SportDataAPITests" */ = {
			isa = XCConfigurationList;
			buildConfigurations = (
				192A7A98292B4BC80076B1A7 /* Debug */,
				192A7A99292B4BC80076B1A7 /* Release */,
			);
			defaultConfigurationIsVisible = 0;
			defaultConfigurationName = Release;
		};
/* End XCConfigurationList section */

/* Begin XCRemoteSwiftPackageReference section */
		192A7A74292B4ACA0076B1A7 /* XCRemoteSwiftPackageReference "SDWebImage" */ = {
			isa = XCRemoteSwiftPackageReference;
			repositoryURL = "https://github.com/SDWebImage/SDWebImage.git";
			requirement = {
				kind = upToNextMajorVersion;
				minimumVersion = 5.0.0;
			};
		};
/* End XCRemoteSwiftPackageReference section */

/* Begin XCSwiftPackageProductDependency section */
		192A7A75292B4ACA0076B1A7 /* SDWebImage */ = {
			isa = XCSwiftPackageProductDependency;
			package = 192A7A74292B4ACA0076B1A7 /* XCRemoteSwiftPackageReference "SDWebImage" */;
			productName = SDWebImage;
		};
/* End XCSwiftPackageProductDependency section */
	};
	rootObject = 192A7A0C292B3C310076B1A7 /* Project object */;
}
