// !$*UTF8*$!
{
	archiveVersion = 1;
	classes = {
	};
	objectVersion = 56;
	objects = {

/* Begin PBXBuildFile section */
		192A7A41292B43110076B1A7 /* AppDelegate.swift in Sources */ = {isa = PBXBuildFile; fileRef = 192A7A40292B43110076B1A7 /* AppDelegate.swift */; };
		192A7A43292B43110076B1A7 /* SceneDelegate.swift in Sources */ = {isa = PBXBuildFile; fileRef = 192A7A42292B43110076B1A7 /* SceneDelegate.swift */; };
		192A7A4A292B43130076B1A7 /* Assets.xcassets in Resources */ = {isa = PBXBuildFile; fileRef = 192A7A49292B43130076B1A7 /* Assets.xcassets */; };
		192A7A4D292B43130076B1A7 /* LaunchScreen.storyboard in Resources */ = {isa = PBXBuildFile; fileRef = 192A7A4B292B43130076B1A7 /* LaunchScreen.storyboard */; };
		192A7A59292B43270076B1A7 /* MainAppTests.swift in Sources */ = {isa = PBXBuildFile; fileRef = 192A7A58292B43270076B1A7 /* MainAppTests.swift */; };
		192A7A68292B45F60076B1A7 /* MainTabBarController.swift in Sources */ = {isa = PBXBuildFile; fileRef = 192A7A67292B45F60076B1A7 /* MainTabBarController.swift */; };
		192A7A6F292B478A0076B1A7 /* MatchesViewController.swift in Sources */ = {isa = PBXBuildFile; fileRef = 192A7A6E292B478A0076B1A7 /* MatchesViewController.swift */; };
		192A7A73292B47A80076B1A7 /* TeamsViewController.swift in Sources */ = {isa = PBXBuildFile; fileRef = 192A7A72292B47A80076B1A7 /* TeamsViewController.swift */; };
		192A7AAE292B4F330076B1A7 /* MatchesViewModel.swift in Sources */ = {isa = PBXBuildFile; fileRef = 192A7AAD292B4F330076B1A7 /* MatchesViewModel.swift */; };
		192A7AB1292B4F980076B1A7 /* MatchesFetchable.swift in Sources */ = {isa = PBXBuildFile; fileRef = 192A7AB0292B4F980076B1A7 /* MatchesFetchable.swift */; };
		192A7AB7292B58250076B1A7 /* MatchesAPIClient.swift in Sources */ = {isa = PBXBuildFile; fileRef = 192A7AB6292B58250076B1A7 /* MatchesAPIClient.swift */; };
		192A7ABA292B58730076B1A7 /* TeamsAPIClient.swift in Sources */ = {isa = PBXBuildFile; fileRef = 192A7AB9292B58730076B1A7 /* TeamsAPIClient.swift */; };
		192A7ABD292B588C0076B1A7 /* TeamsFetchable.swift in Sources */ = {isa = PBXBuildFile; fileRef = 192A7ABC292B588C0076B1A7 /* TeamsFetchable.swift */; };
		192A7AC0292B592D0076B1A7 /* TeamsViewModel.swift in Sources */ = {isa = PBXBuildFile; fileRef = 192A7ABF292B592D0076B1A7 /* TeamsViewModel.swift */; };
		192A7AC3292B5AAC0076B1A7 /* UIViewController+UIAlertController.swift in Sources */ = {isa = PBXBuildFile; fileRef = 192A7AC2292B5AAC0076B1A7 /* UIViewController+UIAlertController.swift */; };
		199E7B74292BBA7000D2C07D /* FootballCore in Frameworks */ = {isa = PBXBuildFile; productRef = 199E7B73292BBA7000D2C07D /* FootballCore */; };
		19AE84B4292BC0D2004CD25D /* FootballAWS in Frameworks */ = {isa = PBXBuildFile; productRef = 19AE84B3292BC0D2004CD25D /* FootballAWS */; };
		19AE84B6292BC132004CD25D /* TeamsUIHandler.swift in Sources */ = {isa = PBXBuildFile; fileRef = 19AE84B5292BC132004CD25D /* TeamsUIHandler.swift */; };
		19AE84B8292BC14A004CD25D /* MatchesUIHandler.swift in Sources */ = {isa = PBXBuildFile; fileRef = 19AE84B7292BC14A004CD25D /* MatchesUIHandler.swift */; };
/* End PBXBuildFile section */

/* Begin PBXContainerItemProxy section */
		192A7A5A292B43270076B1A7 /* PBXContainerItemProxy */ = {
			isa = PBXContainerItemProxy;
			containerPortal = 192A7A0C292B3C310076B1A7 /* Project object */;
			proxyType = 1;
			remoteGlobalIDString = 192A7A3D292B43110076B1A7;
			remoteInfo = MainApp;
		};
/* End PBXContainerItemProxy section */

/* Begin PBXCopyFilesBuildPhase section */
		192A7A96292B4BC80076B1A7 /* Embed Frameworks */ = {
			isa = PBXCopyFilesBuildPhase;
			buildActionMask = 2147483647;
			dstPath = "";
			dstSubfolderSpec = 10;
			files = (
			);
			name = "Embed Frameworks";
			runOnlyForDeploymentPostprocessing = 0;
		};
/* End PBXCopyFilesBuildPhase section */

/* Begin PBXFileReference section */
		192A7A3E292B43110076B1A7 /* MainApp.app */ = {isa = PBXFileReference; explicitFileType = wrapper.application; includeInIndex = 0; path = MainApp.app; sourceTree = BUILT_PRODUCTS_DIR; };
		192A7A40292B43110076B1A7 /* AppDelegate.swift */ = {isa = PBXFileReference; lastKnownFileType = sourcecode.swift; path = AppDelegate.swift; sourceTree = "<group>"; };
		192A7A42292B43110076B1A7 /* SceneDelegate.swift */ = {isa = PBXFileReference; lastKnownFileType = sourcecode.swift; path = SceneDelegate.swift; sourceTree = "<group>"; };
		192A7A49292B43130076B1A7 /* Assets.xcassets */ = {isa = PBXFileReference; lastKnownFileType = folder.assetcatalog; path = Assets.xcassets; sourceTree = "<group>"; };
		192A7A4C292B43130076B1A7 /* Base */ = {isa = PBXFileReference; lastKnownFileType = file.storyboard; name = Base; path = Base.lproj/LaunchScreen.storyboard; sourceTree = "<group>"; };
		192A7A4E292B43130076B1A7 /* Info.plist */ = {isa = PBXFileReference; lastKnownFileType = text.plist.xml; path = Info.plist; sourceTree = "<group>"; };
		192A7A56292B43270076B1A7 /* MainAppTests.xctest */ = {isa = PBXFileReference; explicitFileType = wrapper.cfbundle; includeInIndex = 0; path = MainAppTests.xctest; sourceTree = BUILT_PRODUCTS_DIR; };
		192A7A58292B43270076B1A7 /* MainAppTests.swift */ = {isa = PBXFileReference; lastKnownFileType = sourcecode.swift; path = MainAppTests.swift; sourceTree = "<group>"; };
		192A7A67292B45F60076B1A7 /* MainTabBarController.swift */ = {isa = PBXFileReference; lastKnownFileType = sourcecode.swift; path = MainTabBarController.swift; sourceTree = "<group>"; };
		192A7A6E292B478A0076B1A7 /* MatchesViewController.swift */ = {isa = PBXFileReference; lastKnownFileType = sourcecode.swift; path = MatchesViewController.swift; sourceTree = "<group>"; };
		192A7A72292B47A80076B1A7 /* TeamsViewController.swift */ = {isa = PBXFileReference; lastKnownFileType = sourcecode.swift; path = TeamsViewController.swift; sourceTree = "<group>"; };
		192A7AAD292B4F330076B1A7 /* MatchesViewModel.swift */ = {isa = PBXFileReference; lastKnownFileType = sourcecode.swift; path = MatchesViewModel.swift; sourceTree = "<group>"; };
		192A7AB0292B4F980076B1A7 /* MatchesFetchable.swift */ = {isa = PBXFileReference; lastKnownFileType = sourcecode.swift; path = MatchesFetchable.swift; sourceTree = "<group>"; };
		192A7AB6292B58250076B1A7 /* MatchesAPIClient.swift */ = {isa = PBXFileReference; lastKnownFileType = sourcecode.swift; path = MatchesAPIClient.swift; sourceTree = "<group>"; };
		192A7AB9292B58730076B1A7 /* TeamsAPIClient.swift */ = {isa = PBXFileReference; lastKnownFileType = sourcecode.swift; path = TeamsAPIClient.swift; sourceTree = "<group>"; };
		192A7ABC292B588C0076B1A7 /* TeamsFetchable.swift */ = {isa = PBXFileReference; lastKnownFileType = sourcecode.swift; path = TeamsFetchable.swift; sourceTree = "<group>"; };
		192A7ABF292B592D0076B1A7 /* TeamsViewModel.swift */ = {isa = PBXFileReference; lastKnownFileType = sourcecode.swift; path = TeamsViewModel.swift; sourceTree = "<group>"; };
		192A7AC2292B5AAC0076B1A7 /* UIViewController+UIAlertController.swift */ = {isa = PBXFileReference; lastKnownFileType = sourcecode.swift; path = "UIViewController+UIAlertController.swift"; sourceTree = "<group>"; };
		196582FA292BB98800B38041 /* FootballCore */ = {isa = PBXFileReference; lastKnownFileType = wrapper; path = FootballCore; sourceTree = "<group>"; };
		199E7B75292BBD5900D2C07D /* FootballAWS */ = {isa = PBXFileReference; lastKnownFileType = wrapper; path = FootballAWS; sourceTree = "<group>"; };
		19AE84B5292BC132004CD25D /* TeamsUIHandler.swift */ = {isa = PBXFileReference; lastKnownFileType = sourcecode.swift; path = TeamsUIHandler.swift; sourceTree = "<group>"; };
		19AE84B7292BC14A004CD25D /* MatchesUIHandler.swift */ = {isa = PBXFileReference; lastKnownFileType = sourcecode.swift; path = MatchesUIHandler.swift; sourceTree = "<group>"; };
		19AE84BD292BC45E004CD25D /* FootballUI */ = {isa = PBXFileReference; lastKnownFileType = wrapper; path = FootballUI; sourceTree = "<group>"; };
/* End PBXFileReference section */

/* Begin PBXFrameworksBuildPhase section */
		192A7A3B292B43110076B1A7 /* Frameworks */ = {
			isa = PBXFrameworksBuildPhase;
			buildActionMask = 2147483647;
			files = (
				199E7B74292BBA7000D2C07D /* FootballCore in Frameworks */,
				19AE84B4292BC0D2004CD25D /* FootballAWS in Frameworks */,
			);
			runOnlyForDeploymentPostprocessing = 0;
		};
		192A7A53292B43270076B1A7 /* Frameworks */ = {
			isa = PBXFrameworksBuildPhase;
			buildActionMask = 2147483647;
			files = (
			);
			runOnlyForDeploymentPostprocessing = 0;
		};
/* End PBXFrameworksBuildPhase section */

/* Begin PBXGroup section */
		192A7A0B292B3C310076B1A7 = {
			isa = PBXGroup;
			children = (
				19AE84BD292BC45E004CD25D /* FootballUI */,
				199E7B75292BBD5900D2C07D /* FootballAWS */,
				196582FA292BB98800B38041 /* FootballCore */,
				192A7A3F292B43110076B1A7 /* MainApp */,
				192A7A57292B43270076B1A7 /* MainAppTests */,
				192A7A16292B3C310076B1A7 /* Products */,
				193841FC292B613500A86032 /* Frameworks */,
			);
			sourceTree = "<group>";
		};
		192A7A16292B3C310076B1A7 /* Products */ = {
			isa = PBXGroup;
			children = (
				192A7A3E292B43110076B1A7 /* MainApp.app */,
				192A7A56292B43270076B1A7 /* MainAppTests.xctest */,
			);
			name = Products;
			sourceTree = "<group>";
		};
		192A7A3F292B43110076B1A7 /* MainApp */ = {
			isa = PBXGroup;
			children = (
				192A7A61292B44080076B1A7 /* App */,
				192A7A5F292B436D0076B1A7 /* MainTabBar */,
				192A7A6D292B47690076B1A7 /* Matches */,
				192A7A6A292B47430076B1A7 /* Teams */,
			);
			path = MainApp;
			sourceTree = "<group>";
		};
		192A7A57292B43270076B1A7 /* MainAppTests */ = {
			isa = PBXGroup;
			children = (
				192A7A58292B43270076B1A7 /* MainAppTests.swift */,
			);
			path = MainAppTests;
			sourceTree = "<group>";
		};
		192A7A5F292B436D0076B1A7 /* MainTabBar */ = {
			isa = PBXGroup;
			children = (
				192A7A66292B45D60076B1A7 /* Controllers */,
			);
			path = MainTabBar;
			sourceTree = "<group>";
		};
		192A7A61292B44080076B1A7 /* App */ = {
			isa = PBXGroup;
			children = (
				192A7A64292B44390076B1A7 /* Delegates */,
				192A7AC1292B5A970076B1A7 /* Extensions */,
				192A7A63292B44210076B1A7 /* InterfaceBuilder */,
				192A7A62292B44140076B1A7 /* Resources */,
				192A7A65292B44DE0076B1A7 /* SupportingFiles */,
			);
			path = App;
			sourceTree = "<group>";
		};
		192A7A62292B44140076B1A7 /* Resources */ = {
			isa = PBXGroup;
			children = (
				192A7A49292B43130076B1A7 /* Assets.xcassets */,
			);
			path = Resources;
			sourceTree = "<group>";
		};
		192A7A63292B44210076B1A7 /* InterfaceBuilder */ = {
			isa = PBXGroup;
			children = (
				192A7A4B292B43130076B1A7 /* LaunchScreen.storyboard */,
			);
			path = InterfaceBuilder;
			sourceTree = "<group>";
		};
		192A7A64292B44390076B1A7 /* Delegates */ = {
			isa = PBXGroup;
			children = (
				192A7A40292B43110076B1A7 /* AppDelegate.swift */,
				192A7A42292B43110076B1A7 /* SceneDelegate.swift */,
			);
			path = Delegates;
			sourceTree = "<group>";
		};
		192A7A65292B44DE0076B1A7 /* SupportingFiles */ = {
			isa = PBXGroup;
			children = (
				192A7A4E292B43130076B1A7 /* Info.plist */,
			);
			path = SupportingFiles;
			sourceTree = "<group>";
		};
		192A7A66292B45D60076B1A7 /* Controllers */ = {
			isa = PBXGroup;
			children = (
				192A7A67292B45F60076B1A7 /* MainTabBarController.swift */,
			);
			path = Controllers;
			sourceTree = "<group>";
		};
		192A7A6A292B47430076B1A7 /* Teams */ = {
			isa = PBXGroup;
			children = (
				192A7A71292B479B0076B1A7 /* Controllers */,
				192A7AB8292B586A0076B1A7 /* Networking */,
				192A7ABB292B58840076B1A7 /* Protocols */,
				192A7ABE292B59220076B1A7 /* ViewModels */,
			);
			path = Teams;
			sourceTree = "<group>";
		};
		192A7A6D292B47690076B1A7 /* Matches */ = {
			isa = PBXGroup;
			children = (
				192A7A70292B47920076B1A7 /* Controllers */,
				192A7AB5292B57F90076B1A7 /* Networking */,
				192A7AAF292B4F6C0076B1A7 /* Protocols */,
				192A7AAC292B4F260076B1A7 /* ViewModels */,
			);
			path = Matches;
			sourceTree = "<group>";
		};
		192A7A70292B47920076B1A7 /* Controllers */ = {
			isa = PBXGroup;
			children = (
				192A7A6E292B478A0076B1A7 /* MatchesViewController.swift */,
			);
			path = Controllers;
			sourceTree = "<group>";
		};
		192A7A71292B479B0076B1A7 /* Controllers */ = {
			isa = PBXGroup;
			children = (
				192A7A72292B47A80076B1A7 /* TeamsViewController.swift */,
			);
			path = Controllers;
			sourceTree = "<group>";
		};
		192A7AAC292B4F260076B1A7 /* ViewModels */ = {
			isa = PBXGroup;
			children = (
				192A7AAD292B4F330076B1A7 /* MatchesViewModel.swift */,
			);
			path = ViewModels;
			sourceTree = "<group>";
		};
		192A7AAF292B4F6C0076B1A7 /* Protocols */ = {
			isa = PBXGroup;
			children = (
				192A7AB0292B4F980076B1A7 /* MatchesFetchable.swift */,
				19AE84B7292BC14A004CD25D /* MatchesUIHandler.swift */,
			);
			path = Protocols;
			sourceTree = "<group>";
		};
		192A7AB5292B57F90076B1A7 /* Networking */ = {
			isa = PBXGroup;
			children = (
				192A7AB6292B58250076B1A7 /* MatchesAPIClient.swift */,
			);
			path = Networking;
			sourceTree = "<group>";
		};
		192A7AB8292B586A0076B1A7 /* Networking */ = {
			isa = PBXGroup;
			children = (
				192A7AB9292B58730076B1A7 /* TeamsAPIClient.swift */,
			);
			path = Networking;
			sourceTree = "<group>";
		};
		192A7ABB292B58840076B1A7 /* Protocols */ = {
			isa = PBXGroup;
			children = (
				192A7ABC292B588C0076B1A7 /* TeamsFetchable.swift */,
				19AE84B5292BC132004CD25D /* TeamsUIHandler.swift */,
			);
			path = Protocols;
			sourceTree = "<group>";
		};
		192A7ABE292B59220076B1A7 /* ViewModels */ = {
			isa = PBXGroup;
			children = (
				192A7ABF292B592D0076B1A7 /* TeamsViewModel.swift */,
			);
			path = ViewModels;
			sourceTree = "<group>";
		};
		192A7AC1292B5A970076B1A7 /* Extensions */ = {
			isa = PBXGroup;
			children = (
				192A7AC2292B5AAC0076B1A7 /* UIViewController+UIAlertController.swift */,
			);
			path = Extensions;
			sourceTree = "<group>";
		};
		193841FC292B613500A86032 /* Frameworks */ = {
			isa = PBXGroup;
			children = (
			);
			name = Frameworks;
			sourceTree = "<group>";
		};
/* End PBXGroup section */

/* Begin PBXNativeTarget section */
		192A7A3D292B43110076B1A7 /* MainApp */ = {
			isa = PBXNativeTarget;
			buildConfigurationList = 192A7A4F292B43130076B1A7 /* Build configuration list for PBXNativeTarget "MainApp" */;
			buildPhases = (
				192A7A3A292B43110076B1A7 /* Sources */,
				192A7A3B292B43110076B1A7 /* Frameworks */,
				192A7A3C292B43110076B1A7 /* Resources */,
				192A7A96292B4BC80076B1A7 /* Embed Frameworks */,
			);
			buildRules = (
			);
			dependencies = (
			);
			name = MainApp;
			packageProductDependencies = (
				199E7B73292BBA7000D2C07D /* FootballCore */,
				19AE84B3292BC0D2004CD25D /* FootballAWS */,
			);
			productName = MainApp;
			productReference = 192A7A3E292B43110076B1A7 /* MainApp.app */;
			productType = "com.apple.product-type.application";
		};
		192A7A55292B43270076B1A7 /* MainAppTests */ = {
			isa = PBXNativeTarget;
			buildConfigurationList = 192A7A5C292B43270076B1A7 /* Build configuration list for PBXNativeTarget "MainAppTests" */;
			buildPhases = (
				192A7A52292B43270076B1A7 /* Sources */,
				192A7A53292B43270076B1A7 /* Frameworks */,
				192A7A54292B43270076B1A7 /* Resources */,
			);
			buildRules = (
			);
			dependencies = (
				192A7A5B292B43270076B1A7 /* PBXTargetDependency */,
			);
			name = MainAppTests;
			productName = MainAppTests;
			productReference = 192A7A56292B43270076B1A7 /* MainAppTests.xctest */;
			productType = "com.apple.product-type.bundle.unit-test";
		};
/* End PBXNativeTarget section */

/* Begin PBXProject section */
		192A7A0C292B3C310076B1A7 /* Project object */ = {
			isa = PBXProject;
			attributes = {
				BuildIndependentTargetsInParallel = 1;
				LastSwiftUpdateCheck = 1410;
				LastUpgradeCheck = 1410;
				TargetAttributes = {
					192A7A3D292B43110076B1A7 = {
						CreatedOnToolsVersion = 14.1;
					};
					192A7A55292B43270076B1A7 = {
						CreatedOnToolsVersion = 14.1;
						TestTargetID = 192A7A3D292B43110076B1A7;
					};
				};
			};
			buildConfigurationList = 192A7A0F292B3C310076B1A7 /* Build configuration list for PBXProject "Sport" */;
			compatibilityVersion = "Xcode 14.0";
			developmentRegion = en;
			hasScannedForEncodings = 0;
			knownRegions = (
				en,
				Base,
			);
			mainGroup = 192A7A0B292B3C310076B1A7;
			packageReferences = (
			);
			productRefGroup = 192A7A16292B3C310076B1A7 /* Products */;
			projectDirPath = "";
			projectRoot = "";
			targets = (
				192A7A3D292B43110076B1A7 /* MainApp */,
				192A7A55292B43270076B1A7 /* MainAppTests */,
			);
		};
/* End PBXProject section */

/* Begin PBXResourcesBuildPhase section */
		192A7A3C292B43110076B1A7 /* Resources */ = {
			isa = PBXResourcesBuildPhase;
			buildActionMask = 2147483647;
			files = (
				192A7A4D292B43130076B1A7 /* LaunchScreen.storyboard in Resources */,
				192A7A4A292B43130076B1A7 /* Assets.xcassets in Resources */,
			);
			runOnlyForDeploymentPostprocessing = 0;
		};
		192A7A54292B43270076B1A7 /* Resources */ = {
			isa = PBXResourcesBuildPhase;
			buildActionMask = 2147483647;
			files = (
			);
			runOnlyForDeploymentPostprocessing = 0;
		};
/* End PBXResourcesBuildPhase section */

/* Begin PBXSourcesBuildPhase section */
		192A7A3A292B43110076B1A7 /* Sources */ = {
			isa = PBXSourcesBuildPhase;
			buildActionMask = 2147483647;
			files = (
				192A7ABA292B58730076B1A7 /* TeamsAPIClient.swift in Sources */,
				192A7AC0292B592D0076B1A7 /* TeamsViewModel.swift in Sources */,
				192A7AAE292B4F330076B1A7 /* MatchesViewModel.swift in Sources */,
				192A7AB1292B4F980076B1A7 /* MatchesFetchable.swift in Sources */,
				192A7A41292B43110076B1A7 /* AppDelegate.swift in Sources */,
				192A7A43292B43110076B1A7 /* SceneDelegate.swift in Sources */,
				19AE84B8292BC14A004CD25D /* MatchesUIHandler.swift in Sources */,
				192A7A6F292B478A0076B1A7 /* MatchesViewController.swift in Sources */,
				192A7A73292B47A80076B1A7 /* TeamsViewController.swift in Sources */,
				192A7A68292B45F60076B1A7 /* MainTabBarController.swift in Sources */,
				192A7AC3292B5AAC0076B1A7 /* UIViewController+UIAlertController.swift in Sources */,
				19AE84B6292BC132004CD25D /* TeamsUIHandler.swift in Sources */,
				192A7AB7292B58250076B1A7 /* MatchesAPIClient.swift in Sources */,
				192A7ABD292B588C0076B1A7 /* TeamsFetchable.swift in Sources */,
			);
			runOnlyForDeploymentPostprocessing = 0;
		};
		192A7A52292B43270076B1A7 /* Sources */ = {
			isa = PBXSourcesBuildPhase;
			buildActionMask = 2147483647;
			files = (
				192A7A59292B43270076B1A7 /* MainAppTests.swift in Sources */,
			);
			runOnlyForDeploymentPostprocessing = 0;
		};
/* End PBXSourcesBuildPhase section */

/* Begin PBXTargetDependency section */
		192A7A5B292B43270076B1A7 /* PBXTargetDependency */ = {
			isa = PBXTargetDependency;
			target = 192A7A3D292B43110076B1A7 /* MainApp */;
			targetProxy = 192A7A5A292B43270076B1A7 /* PBXContainerItemProxy */;
		};
/* End PBXTargetDependency section */

/* Begin PBXVariantGroup section */
		192A7A4B292B43130076B1A7 /* LaunchScreen.storyboard */ = {
			isa = PBXVariantGroup;
			children = (
				192A7A4C292B43130076B1A7 /* Base */,
			);
			name = LaunchScreen.storyboard;
			sourceTree = "<group>";
		};
/* End PBXVariantGroup section */

/* Begin XCBuildConfiguration section */
		192A7A27292B3C310076B1A7 /* Debug */ = {
			isa = XCBuildConfiguration;
			buildSettings = {
				ALWAYS_SEARCH_USER_PATHS = NO;
				CLANG_ANALYZER_NONNULL = YES;
				CLANG_ANALYZER_NUMBER_OBJECT_CONVERSION = YES_AGGRESSIVE;
				CLANG_CXX_LANGUAGE_STANDARD = "gnu++20";
				CLANG_ENABLE_MODULES = YES;
				CLANG_ENABLE_OBJC_ARC = YES;
				CLANG_ENABLE_OBJC_WEAK = YES;
				CLANG_WARN_BLOCK_CAPTURE_AUTORELEASING = YES;
				CLANG_WARN_BOOL_CONVERSION = YES;
				CLANG_WARN_COMMA = YES;
				CLANG_WARN_CONSTANT_CONVERSION = YES;
				CLANG_WARN_DEPRECATED_OBJC_IMPLEMENTATIONS = YES;
				CLANG_WARN_DIRECT_OBJC_ISA_USAGE = YES_ERROR;
				CLANG_WARN_DOCUMENTATION_COMMENTS = YES;
				CLANG_WARN_EMPTY_BODY = YES;
				CLANG_WARN_ENUM_CONVERSION = YES;
				CLANG_WARN_INFINITE_RECURSION = YES;
				CLANG_WARN_INT_CONVERSION = YES;
				CLANG_WARN_NON_LITERAL_NULL_CONVERSION = YES;
				CLANG_WARN_OBJC_IMPLICIT_RETAIN_SELF = YES;
				CLANG_WARN_OBJC_LITERAL_CONVERSION = YES;
				CLANG_WARN_OBJC_ROOT_CLASS = YES_ERROR;
				CLANG_WARN_QUOTED_INCLUDE_IN_FRAMEWORK_HEADER = YES;
				CLANG_WARN_RANGE_LOOP_ANALYSIS = YES;
				CLANG_WARN_STRICT_PROTOTYPES = YES;
				CLANG_WARN_SUSPICIOUS_MOVE = YES;
				CLANG_WARN_UNGUARDED_AVAILABILITY = YES_AGGRESSIVE;
				CLANG_WARN_UNREACHABLE_CODE = YES;
				CLANG_WARN__DUPLICATE_METHOD_MATCH = YES;
				COPY_PHASE_STRIP = NO;
				CURRENT_PROJECT_VERSION = 1;
				DEBUG_INFORMATION_FORMAT = dwarf;
				ENABLE_STRICT_OBJC_MSGSEND = YES;
				ENABLE_TESTABILITY = YES;
				GCC_C_LANGUAGE_STANDARD = gnu11;
				GCC_DYNAMIC_NO_PIC = NO;
				GCC_NO_COMMON_BLOCKS = YES;
				GCC_OPTIMIZATION_LEVEL = 0;
				GCC_PREPROCESSOR_DEFINITIONS = (
					"DEBUG=1",
					"$(inherited)",
				);
				GCC_WARN_64_TO_32_BIT_CONVERSION = YES;
				GCC_WARN_ABOUT_RETURN_TYPE = YES_ERROR;
				GCC_WARN_UNDECLARED_SELECTOR = YES;
				GCC_WARN_UNINITIALIZED_AUTOS = YES_AGGRESSIVE;
				GCC_WARN_UNUSED_FUNCTION = YES;
				GCC_WARN_UNUSED_VARIABLE = YES;
				IPHONEOS_DEPLOYMENT_TARGET = 14.0;
				MTL_ENABLE_DEBUG_INFO = INCLUDE_SOURCE;
				MTL_FAST_MATH = YES;
				ONLY_ACTIVE_ARCH = YES;
				SDKROOT = iphoneos;
				SWIFT_ACTIVE_COMPILATION_CONDITIONS = DEBUG;
				SWIFT_OPTIMIZATION_LEVEL = "-Onone";
				VERSIONING_SYSTEM = "apple-generic";
				VERSION_INFO_PREFIX = "";
			};
			name = Debug;
		};
		192A7A28292B3C310076B1A7 /* Release */ = {
			isa = XCBuildConfiguration;
			buildSettings = {
				ALWAYS_SEARCH_USER_PATHS = NO;
				CLANG_ANALYZER_NONNULL = YES;
				CLANG_ANALYZER_NUMBER_OBJECT_CONVERSION = YES_AGGRESSIVE;
				CLANG_CXX_LANGUAGE_STANDARD = "gnu++20";
				CLANG_ENABLE_MODULES = YES;
				CLANG_ENABLE_OBJC_ARC = YES;
				CLANG_ENABLE_OBJC_WEAK = YES;
				CLANG_WARN_BLOCK_CAPTURE_AUTORELEASING = YES;
				CLANG_WARN_BOOL_CONVERSION = YES;
				CLANG_WARN_COMMA = YES;
				CLANG_WARN_CONSTANT_CONVERSION = YES;
				CLANG_WARN_DEPRECATED_OBJC_IMPLEMENTATIONS = YES;
				CLANG_WARN_DIRECT_OBJC_ISA_USAGE = YES_ERROR;
				CLANG_WARN_DOCUMENTATION_COMMENTS = YES;
				CLANG_WARN_EMPTY_BODY = YES;
				CLANG_WARN_ENUM_CONVERSION = YES;
				CLANG_WARN_INFINITE_RECURSION = YES;
				CLANG_WARN_INT_CONVERSION = YES;
				CLANG_WARN_NON_LITERAL_NULL_CONVERSION = YES;
				CLANG_WARN_OBJC_IMPLICIT_RETAIN_SELF = YES;
				CLANG_WARN_OBJC_LITERAL_CONVERSION = YES;
				CLANG_WARN_OBJC_ROOT_CLASS = YES_ERROR;
				CLANG_WARN_QUOTED_INCLUDE_IN_FRAMEWORK_HEADER = YES;
				CLANG_WARN_RANGE_LOOP_ANALYSIS = YES;
				CLANG_WARN_STRICT_PROTOTYPES = YES;
				CLANG_WARN_SUSPICIOUS_MOVE = YES;
				CLANG_WARN_UNGUARDED_AVAILABILITY = YES_AGGRESSIVE;
				CLANG_WARN_UNREACHABLE_CODE = YES;
				CLANG_WARN__DUPLICATE_METHOD_MATCH = YES;
				COPY_PHASE_STRIP = NO;
				CURRENT_PROJECT_VERSION = 1;
				DEBUG_INFORMATION_FORMAT = "dwarf-with-dsym";
				ENABLE_NS_ASSERTIONS = NO;
				ENABLE_STRICT_OBJC_MSGSEND = YES;
				GCC_C_LANGUAGE_STANDARD = gnu11;
				GCC_NO_COMMON_BLOCKS = YES;
				GCC_WARN_64_TO_32_BIT_CONVERSION = YES;
				GCC_WARN_ABOUT_RETURN_TYPE = YES_ERROR;
				GCC_WARN_UNDECLARED_SELECTOR = YES;
				GCC_WARN_UNINITIALIZED_AUTOS = YES_AGGRESSIVE;
				GCC_WARN_UNUSED_FUNCTION = YES;
				GCC_WARN_UNUSED_VARIABLE = YES;
				IPHONEOS_DEPLOYMENT_TARGET = 14.0;
				MTL_ENABLE_DEBUG_INFO = NO;
				MTL_FAST_MATH = YES;
				SDKROOT = iphoneos;
				SWIFT_COMPILATION_MODE = wholemodule;
				SWIFT_OPTIMIZATION_LEVEL = "-O";
				VALIDATE_PRODUCT = YES;
				VERSIONING_SYSTEM = "apple-generic";
				VERSION_INFO_PREFIX = "";
			};
			name = Release;
		};
		192A7A50292B43130076B1A7 /* Debug */ = {
			isa = XCBuildConfiguration;
			buildSettings = {
				ASSETCATALOG_COMPILER_APPICON_NAME = AppIcon;
				ASSETCATALOG_COMPILER_GLOBAL_ACCENT_COLOR_NAME = AccentColor;
				CODE_SIGN_STYLE = Automatic;
				CURRENT_PROJECT_VERSION = 1;
				DEVELOPMENT_TEAM = 6897VAM74N;
				GENERATE_INFOPLIST_FILE = YES;
				INFOPLIST_FILE = MainApp/App/SupportingFiles/Info.plist;
				INFOPLIST_KEY_UIApplicationSupportsIndirectInputEvents = YES;
				INFOPLIST_KEY_UILaunchStoryboardName = LaunchScreen;
				INFOPLIST_KEY_UISupportedInterfaceOrientations_iPad = "UIInterfaceOrientationPortrait UIInterfaceOrientationPortraitUpsideDown UIInterfaceOrientationLandscapeLeft UIInterfaceOrientationLandscapeRight";
				INFOPLIST_KEY_UISupportedInterfaceOrientations_iPhone = "UIInterfaceOrientationPortrait UIInterfaceOrientationLandscapeLeft UIInterfaceOrientationLandscapeRight";
				IPHONEOS_DEPLOYMENT_TARGET = 14.0;
				LD_RUNPATH_SEARCH_PATHS = (
					"$(inherited)",
					"@executable_path/Frameworks",
				);
				MARKETING_VERSION = 1.0;
				PRODUCT_BUNDLE_IDENTIFIER = com.jayvennhan.app.MainApp;
				PRODUCT_NAME = "$(TARGET_NAME)";
				SWIFT_EMIT_LOC_STRINGS = YES;
				SWIFT_VERSION = 5.0;
				TARGETED_DEVICE_FAMILY = "1,2";
			};
			name = Debug;
		};
		192A7A51292B43130076B1A7 /* Release */ = {
			isa = XCBuildConfiguration;
			buildSettings = {
				ASSETCATALOG_COMPILER_APPICON_NAME = AppIcon;
				ASSETCATALOG_COMPILER_GLOBAL_ACCENT_COLOR_NAME = AccentColor;
				CODE_SIGN_STYLE = Automatic;
				CURRENT_PROJECT_VERSION = 1;
				DEVELOPMENT_TEAM = 6897VAM74N;
				GENERATE_INFOPLIST_FILE = YES;
				INFOPLIST_FILE = MainApp/App/SupportingFiles/Info.plist;
				INFOPLIST_KEY_UIApplicationSupportsIndirectInputEvents = YES;
				INFOPLIST_KEY_UILaunchStoryboardName = LaunchScreen;
				INFOPLIST_KEY_UISupportedInterfaceOrientations_iPad = "UIInterfaceOrientationPortrait UIInterfaceOrientationPortraitUpsideDown UIInterfaceOrientationLandscapeLeft UIInterfaceOrientationLandscapeRight";
				INFOPLIST_KEY_UISupportedInterfaceOrientations_iPhone = "UIInterfaceOrientationPortrait UIInterfaceOrientationLandscapeLeft UIInterfaceOrientationLandscapeRight";
				IPHONEOS_DEPLOYMENT_TARGET = 14.0;
				LD_RUNPATH_SEARCH_PATHS = (
					"$(inherited)",
					"@executable_path/Frameworks",
				);
				MARKETING_VERSION = 1.0;
				PRODUCT_BUNDLE_IDENTIFIER = com.jayvennhan.app.MainApp;
				PRODUCT_NAME = "$(TARGET_NAME)";
				SWIFT_EMIT_LOC_STRINGS = YES;
				SWIFT_VERSION = 5.0;
				TARGETED_DEVICE_FAMILY = "1,2";
			};
			name = Release;
		};
		192A7A5D292B43270076B1A7 /* Debug */ = {
			isa = XCBuildConfiguration;
			buildSettings = {
				BUNDLE_LOADER = "$(TEST_HOST)";
				CODE_SIGN_STYLE = Automatic;
				CURRENT_PROJECT_VERSION = 1;
				DEVELOPMENT_TEAM = 6897VAM74N;
				GENERATE_INFOPLIST_FILE = YES;
				IPHONEOS_DEPLOYMENT_TARGET = 14.0;
				MARKETING_VERSION = 1.0;
				PRODUCT_BUNDLE_IDENTIFIER = com.jayvennhan.app.MainAppTests;
				PRODUCT_NAME = "$(TARGET_NAME)";
				SWIFT_EMIT_LOC_STRINGS = NO;
				SWIFT_VERSION = 5.0;
				TARGETED_DEVICE_FAMILY = "1,2";
				TEST_HOST = "$(BUILT_PRODUCTS_DIR)/MainApp.app/$(BUNDLE_EXECUTABLE_FOLDER_PATH)/MainApp";
			};
			name = Debug;
		};
		192A7A5E292B43270076B1A7 /* Release */ = {
			isa = XCBuildConfiguration;
			buildSettings = {
				BUNDLE_LOADER = "$(TEST_HOST)";
				CODE_SIGN_STYLE = Automatic;
				CURRENT_PROJECT_VERSION = 1;
				DEVELOPMENT_TEAM = 6897VAM74N;
				GENERATE_INFOPLIST_FILE = YES;
				IPHONEOS_DEPLOYMENT_TARGET = 14.0;
				MARKETING_VERSION = 1.0;
				PRODUCT_BUNDLE_IDENTIFIER = com.jayvennhan.app.MainAppTests;
				PRODUCT_NAME = "$(TARGET_NAME)";
				SWIFT_EMIT_LOC_STRINGS = NO;
				SWIFT_VERSION = 5.0;
				TARGETED_DEVICE_FAMILY = "1,2";
				TEST_HOST = "$(BUILT_PRODUCTS_DIR)/MainApp.app/$(BUNDLE_EXECUTABLE_FOLDER_PATH)/MainApp";
			};
			name = Release;
		};
/* End XCBuildConfiguration section */

/* Begin XCConfigurationList section */
		192A7A0F292B3C310076B1A7 /* Build configuration list for PBXProject "Sport" */ = {
			isa = XCConfigurationList;
			buildConfigurations = (
				192A7A27292B3C310076B1A7 /* Debug */,
				192A7A28292B3C310076B1A7 /* Release */,
			);
			defaultConfigurationIsVisible = 0;
			defaultConfigurationName = Release;
		};
		192A7A4F292B43130076B1A7 /* Build configuration list for PBXNativeTarget "MainApp" */ = {
			isa = XCConfigurationList;
			buildConfigurations = (
				192A7A50292B43130076B1A7 /* Debug */,
				192A7A51292B43130076B1A7 /* Release */,
			);
			defaultConfigurationIsVisible = 0;
			defaultConfigurationName = Release;
		};
		192A7A5C292B43270076B1A7 /* Build configuration list for PBXNativeTarget "MainAppTests" */ = {
			isa = XCConfigurationList;
			buildConfigurations = (
				192A7A5D292B43270076B1A7 /* Debug */,
				192A7A5E292B43270076B1A7 /* Release */,
			);
			defaultConfigurationIsVisible = 0;
			defaultConfigurationName = Release;
		};
/* End XCConfigurationList section */

/* Begin XCSwiftPackageProductDependency section */
		199E7B73292BBA7000D2C07D /* FootballCore */ = {
			isa = XCSwiftPackageProductDependency;
			productName = FootballCore;
		};
		19AE84B3292BC0D2004CD25D /* FootballAWS */ = {
			isa = XCSwiftPackageProductDependency;
			productName = FootballAWS;
		};
/* End XCSwiftPackageProductDependency section */
	};
	rootObject = 192A7A0C292B3C310076B1A7 /* Project object */;
}
